PODS:
  - FMDB (2.7.5):
    - FMDB/standard (= 2.7.5)
  - FMDB/standard (2.7.5)
  - RegexKitLite (4.0)

DEPENDENCIES:
  - FMDB (~> 2.1)
  - RegexKitLite (~> 4.0)

SPEC REPOS:
  trunk:
    - FMDB
    - RegexKitLite

SPEC CHECKSUMS:
  FMDB: 2ce00b547f966261cd18927a3ddb07cb6f3db82a
  RegexKitLite: c0e4c12e6e7de0769f3a3ed679f0f61604170661

PODFILE CHECKSUM: bd85439e001649a630878d29d622c5eba22e2020

COCOAPODS: 1.16.2
