PODS:
  - FMDB (2.1):
    - FMDB/standard
  - FMDB/common (2.1)
  - FMDB/standard (2.1):
    - FMDB/common
  - RegexKitLite (4.0)

DEPENDENCIES:
  - FMDB (~> 2.1)
  - RegexKitLite (~> 4.0)

SPEC CHECKSUMS:
  FMDB: 2a4025247d22fb28865db84c744706385f806d7d
  RegexKitLite: 761b4944f23cb8fe20697b2e47be0689fd832c09

COCOAPODS: 0.33.1
