// !$*UTF8*$!
{
	archiveVersion = 1;
	classes = {
	};
	objectVersion = 56;
	objects = {

/* Begin PBXBuildFile section */
		350CECE5159C45790009F0FE /* database.db3 in Resources */ = {isa = PBXBuildFile; fileRef = 350CECD9159C45790009F0FE /* database.db3 */; };
		350CECE9159C45790009F0FE /* regex.json in Resources */ = {isa = PBXBuildFile; fileRef = 350CECE0159C45790009F0FE /* regex.json */; };
		350CECF6159C5C5F0009F0FE /* libsqlite3.dylib in Frameworks */ = {isa = PBXBuildFile; fileRef = 350CECF5159C5C5F0009F0FE /* libsqlite3.dylib */; };
		3512ED5A159785400085E81E /* preferences.nib in Resources */ = {isa = PBXBuildFile; fileRef = 3512ED581597853F0085E81E /* preferences.nib */; };
		3515102D184B99AE00D5059A /* autodict.plist in Resources */ = {isa = PBXBuildFile; fileRef = 3515102C184B99AE00D5059A /* autodict.plist */; };
		356B186915A445DA00091215 /* AutoCorrect.png in Resources */ = {isa = PBXBuildFile; fileRef = 356B186815A445DA00091215 /* AutoCorrect.png */; };
		356B186D15A4499B00091215 /* Credits.png in Resources */ = {isa = PBXBuildFile; fileRef = 356B186B15A4499B00091215 /* Credits.png */; };
		356B186E15A4499B00091215 /* General.png in Resources */ = {isa = PBXBuildFile; fileRef = 356B186C15A4499B00091215 /* General.png */; };
		3578E8FD15A26EC100C1FB8E /* Credits.rtfd in Resources */ = {isa = PBXBuildFile; fileRef = 3578E8FC15A26EC100C1FB8E /* Credits.rtfd */; };
		3587CCD815A7C5E50074BFF1 /* preferences.plist in Resources */ = {isa = PBXBuildFile; fileRef = 3587CCD715A7C5E50074BFF1 /* preferences.plist */; };
		35895BFE1597706800F2A3ED /* MainMenu.nib in Resources */ = {isa = PBXBuildFile; fileRef = 35895BFA1597706800F2A3ED /* MainMenu.nib */; };
		35F4DE73159404A3001EAC81 /* data.json in Resources */ = {isa = PBXBuildFile; fileRef = 35F4DE72159404A3001EAC81 /* data.json */; };
		832F56411F994B6500432D7A /* Images.xcassets in Resources */ = {isa = PBXBuildFile; fileRef = 832F56401F994B6500432D7A /* Images.xcassets */; };
		8D11072B0486CEB800E47090 /* InfoPlist.strings in Resources */ = {isa = PBXBuildFile; fileRef = 089C165CFE840E0CC02AAC07 /* InfoPlist.strings */; };
		8D11072F0486CEB800E47090 /* Cocoa.framework in Frameworks */ = {isa = PBXBuildFile; fileRef = 1058C7A1FEA54F0111CA2CBB /* Cocoa.framework */; };
		AA00000100000001AABB0001 /* main.swift in Sources */ = {isa = PBXBuildFile; fileRef = AA00000200000001AABB0001 /* main.swift */; };
		AA00000100000001AABB0002 /* AppDelegate.swift in Sources */ = {isa = PBXBuildFile; fileRef = AA00000200000001AABB0002 /* AppDelegate.swift */; };
		AA00000100000001AABB0003 /* IMPreferences.swift in Sources */ = {isa = PBXBuildFile; fileRef = AA00000200000001AABB0003 /* IMPreferences.swift */; };
		AA00000100000001AABB0004 /* AutoCorrectItem.swift in Sources */ = {isa = PBXBuildFile; fileRef = AA00000200000001AABB0004 /* AutoCorrectItem.swift */; };
		AA00000100000001AABB0005 /* String+Levenshtein.swift in Sources */ = {isa = PBXBuildFile; fileRef = AA00000200000001AABB0005 /* String+Levenshtein.swift */; };
		AA00000100000001AABB0006 /* PatternMatcher.swift in Sources */ = {isa = PBXBuildFile; fileRef = AA00000200000001AABB0006 /* PatternMatcher.swift */; };
		AA00000100000001AABB0007 /* AvroParser.swift in Sources */ = {isa = PBXBuildFile; fileRef = AA00000200000001AABB0007 /* AvroParser.swift */; };
		AA00000100000001AABB0008 /* RegexParser.swift in Sources */ = {isa = PBXBuildFile; fileRef = AA00000200000001AABB0008 /* RegexParser.swift */; };
		AA00000100000001AABB0009 /* Database.swift in Sources */ = {isa = PBXBuildFile; fileRef = AA00000200000001AABB0009 /* Database.swift */; };
		AA00000100000001AABB000A /* AutoCorrect.swift in Sources */ = {isa = PBXBuildFile; fileRef = AA00000200000001AABB000A /* AutoCorrect.swift */; };
		AA00000100000001AABB000B /* CacheManager.swift in Sources */ = {isa = PBXBuildFile; fileRef = AA00000200000001AABB000B /* CacheManager.swift */; };
		AA00000100000001AABB000C /* SuggestionEngine.swift in Sources */ = {isa = PBXBuildFile; fileRef = AA00000200000001AABB000C /* SuggestionEngine.swift */; };
		AA00000100000001AABB000D /* CandidatesPanel.swift in Sources */ = {isa = PBXBuildFile; fileRef = AA00000200000001AABB000D /* CandidatesPanel.swift */; };
		AA00000100000001AABB000E /* AvroKeyboardController.swift in Sources */ = {isa = PBXBuildFile; fileRef = AA00000200000001AABB000E /* AvroKeyboardController.swift */; };
		AA00000100000001AABB000F /* PreferencesController.swift in Sources */ = {isa = PBXBuildFile; fileRef = AA00000200000001AABB000F /* PreferencesController.swift */; };
		BB00000100000001CCDD0002 /* LevenshteinTests.swift in Sources */ = {isa = PBXBuildFile; fileRef = BB00000100000001CCDD0001 /* LevenshteinTests.swift */; };
		E93074B70A5C264700470842 /* InputMethodKit.framework in Frameworks */ = {isa = PBXBuildFile; fileRef = E93074B60A5C264700470842 /* InputMethodKit.framework */; };
/* End PBXBuildFile section */

/* Begin PBXContainerItemProxy section */
		BB00000100000001CCDD0008 /* PBXContainerItemProxy */ = {
			isa = PBXContainerItemProxy;
			containerPortal = 29B97313FDCFA39411CA2CEA /* Project object */;
			proxyType = 1;
			remoteGlobalIDString = 8D1107260486CEB800E47090;
			remoteInfo = "Avro Keyboard";
		};
/* End PBXContainerItemProxy section */

/* Begin PBXFileReference section */
		089C165DFE840E0CC02AAC07 /* English */ = {isa = PBXFileReference; fileEncoding = 10; lastKnownFileType = text.plist.strings; name = English; path = English.lproj/InfoPlist.strings; sourceTree = "<group>"; };
		1058C7A1FEA54F0111CA2CBB /* Cocoa.framework */ = {isa = PBXFileReference; lastKnownFileType = wrapper.framework; name = Cocoa.framework; path = /System/Library/Frameworks/Cocoa.framework; sourceTree = "<absolute>"; };
		29B97324FDCFA39411CA2CEA /* AppKit.framework */ = {isa = PBXFileReference; lastKnownFileType = wrapper.framework; name = AppKit.framework; path = /System/Library/Frameworks/AppKit.framework; sourceTree = "<absolute>"; };
		29B97325FDCFA39411CA2CEA /* Foundation.framework */ = {isa = PBXFileReference; lastKnownFileType = wrapper.framework; name = Foundation.framework; path = /System/Library/Frameworks/Foundation.framework; sourceTree = "<absolute>"; };
		350CECD9159C45790009F0FE /* database.db3 */ = {isa = PBXFileReference; lastKnownFileType = file; path = database.db3; sourceTree = "<group>"; };
		350CECE0159C45790009F0FE /* regex.json */ = {isa = PBXFileReference; fileEncoding = 4; lastKnownFileType = text.json; path = regex.json; sourceTree = "<group>"; };
		350CECF5159C5C5F0009F0FE /* libsqlite3.dylib */ = {isa = PBXFileReference; lastKnownFileType = "compiled.mach-o.dylib"; name = libsqlite3.dylib; path = /usr/lib/libsqlite3.dylib; sourceTree = "<absolute>"; };
		3512ED591597853F0085E81E /* English */ = {isa = PBXFileReference; lastKnownFileType = wrapper.nib; name = English; path = English.lproj/preferences.nib; sourceTree = "<group>"; };
		3515102C184B99AE00D5059A /* autodict.plist */ = {isa = PBXFileReference; fileEncoding = 4; lastKnownFileType = text.plist.xml; path = autodict.plist; sourceTree = "<group>"; };
		356B186815A445DA00091215 /* AutoCorrect.png */ = {isa = PBXFileReference; lastKnownFileType = image.png; name = AutoCorrect.png; path = Icons/AutoCorrect.png; sourceTree = "<group>"; };
		356B186B15A4499B00091215 /* Credits.png */ = {isa = PBXFileReference; lastKnownFileType = image.png; name = Credits.png; path = Icons/Credits.png; sourceTree = "<group>"; };
		356B186C15A4499B00091215 /* General.png */ = {isa = PBXFileReference; lastKnownFileType = image.png; name = General.png; path = Icons/General.png; sourceTree = "<group>"; };
		3578E8FC15A26EC100C1FB8E /* Credits.rtfd */ = {isa = PBXFileReference; lastKnownFileType = wrapper.rtfd; path = Credits.rtfd; sourceTree = "<group>"; };
		3587CCD715A7C5E50074BFF1 /* preferences.plist */ = {isa = PBXFileReference; fileEncoding = 4; lastKnownFileType = text.plist.xml; path = preferences.plist; sourceTree = "<group>"; };
		35895BFB1597706800F2A3ED /* English */ = {isa = PBXFileReference; lastKnownFileType = wrapper.nib; name = English; path = English.lproj/MainMenu.nib; sourceTree = "<group>"; };
		35F4DE72159404A3001EAC81 /* data.json */ = {isa = PBXFileReference; fileEncoding = 4; lastKnownFileType = text.json; path = data.json; sourceTree = "<group>"; };
		832F56401F994B6500432D7A /* Images.xcassets */ = {isa = PBXFileReference; lastKnownFileType = folder.assetcatalog; path = Images.xcassets; sourceTree = "<group>"; };
		8D1107310486CEB800E47090 /* Info.plist */ = {isa = PBXFileReference; fileEncoding = 4; lastKnownFileType = text.plist; path = Info.plist; sourceTree = "<group>"; };
		8D1107320486CEB800E47090 /* Avro Keyboard.app */ = {isa = PBXFileReference; explicitFileType = wrapper.application; includeInIndex = 0; path = "Avro Keyboard.app"; sourceTree = BUILT_PRODUCTS_DIR; };
		AA00000200000001AABB0001 /* main.swift */ = {isa = PBXFileReference; lastKnownFileType = sourcecode.swift; path = main.swift; sourceTree = "<group>"; };
		AA00000200000001AABB0002 /* AppDelegate.swift */ = {isa = PBXFileReference; lastKnownFileType = sourcecode.swift; path = AppDelegate.swift; sourceTree = "<group>"; };
		AA00000200000001AABB0003 /* IMPreferences.swift */ = {isa = PBXFileReference; lastKnownFileType = sourcecode.swift; path = IMPreferences.swift; sourceTree = "<group>"; };
		AA00000200000001AABB0004 /* AutoCorrectItem.swift */ = {isa = PBXFileReference; lastKnownFileType = sourcecode.swift; path = AutoCorrectItem.swift; sourceTree = "<group>"; };
		AA00000200000001AABB0005 /* String+Levenshtein.swift */ = {isa = PBXFileReference; lastKnownFileType = sourcecode.swift; path = "String+Levenshtein.swift"; sourceTree = "<group>"; };
		AA00000200000001AABB0006 /* PatternMatcher.swift */ = {isa = PBXFileReference; lastKnownFileType = sourcecode.swift; path = PatternMatcher.swift; sourceTree = "<group>"; };
		AA00000200000001AABB0007 /* AvroParser.swift */ = {isa = PBXFileReference; lastKnownFileType = sourcecode.swift; path = AvroParser.swift; sourceTree = "<group>"; };
		AA00000200000001AABB0008 /* RegexParser.swift */ = {isa = PBXFileReference; lastKnownFileType = sourcecode.swift; path = RegexParser.swift; sourceTree = "<group>"; };
		AA00000200000001AABB0009 /* Database.swift */ = {isa = PBXFileReference; lastKnownFileType = sourcecode.swift; path = Database.swift; sourceTree = "<group>"; };
		AA00000200000001AABB000A /* AutoCorrect.swift */ = {isa = PBXFileReference; lastKnownFileType = sourcecode.swift; path = AutoCorrect.swift; sourceTree = "<group>"; };
		AA00000200000001AABB000B /* CacheManager.swift */ = {isa = PBXFileReference; lastKnownFileType = sourcecode.swift; path = CacheManager.swift; sourceTree = "<group>"; };
		AA00000200000001AABB000C /* SuggestionEngine.swift */ = {isa = PBXFileReference; lastKnownFileType = sourcecode.swift; path = SuggestionEngine.swift; sourceTree = "<group>"; };
		AA00000200000001AABB000D /* CandidatesPanel.swift */ = {isa = PBXFileReference; lastKnownFileType = sourcecode.swift; path = CandidatesPanel.swift; sourceTree = "<group>"; };
		AA00000200000001AABB000E /* AvroKeyboardController.swift */ = {isa = PBXFileReference; lastKnownFileType = sourcecode.swift; path = AvroKeyboardController.swift; sourceTree = "<group>"; };
		AA00000200000001AABB000F /* PreferencesController.swift */ = {isa = PBXFileReference; lastKnownFileType = sourcecode.swift; path = PreferencesController.swift; sourceTree = "<group>"; };
		BB00000100000001CCDD0001 /* LevenshteinTests.swift */ = {isa = PBXFileReference; lastKnownFileType = sourcecode.swift; path = LevenshteinTests.swift; sourceTree = "<group>"; };
		BB00000100000001CCDD0004 /* AvroKeyboardTests.xctest */ = {isa = PBXFileReference; explicitFileType = wrapper.cfbundle; includeInIndex = 0; path = AvroKeyboardTests.xctest; sourceTree = BUILT_PRODUCTS_DIR; };
		E93074B60A5C264700470842 /* InputMethodKit.framework */ = {isa = PBXFileReference; lastKnownFileType = wrapper.framework; name = InputMethodKit.framework; path = /System/Library/Frameworks/InputMethodKit.framework; sourceTree = "<absolute>"; };
/* End PBXFileReference section */

/* Begin PBXFrameworksBuildPhase section */
		8D11072E0486CEB800E47090 /* Frameworks */ = {
			isa = PBXFrameworksBuildPhase;
			buildActionMask = 2147483647;
			files = (
				8D11072F0486CEB800E47090 /* Cocoa.framework in Frameworks */,
				E93074B70A5C264700470842 /* InputMethodKit.framework in Frameworks */,
				350CECF6159C5C5F0009F0FE /* libsqlite3.dylib in Frameworks */,
			);
			runOnlyForDeploymentPostprocessing = 0;
		};
		BB00000100000001CCDD0005 /* Frameworks */ = {
			isa = PBXFrameworksBuildPhase;
			buildActionMask = 2147483647;
			files = (
			);
			runOnlyForDeploymentPostprocessing = 0;
		};
/* End PBXFrameworksBuildPhase section */

/* Begin PBXGroup section */
		19C28FACFE9D520D11CA2CBB /* Products */ = {
			isa = PBXGroup;
			children = (
				8D1107320486CEB800E47090 /* Avro Keyboard.app */,
				BB00000100000001CCDD0004 /* AvroKeyboardTests.xctest */,
			);
			name = Products;
			sourceTree = "<group>";
		};
		29B97314FDCFA39411CA2CEA /* AvroKeyboard */ = {
			isa = PBXGroup;
			children = (
				AA00000300000001AABB0001 /* Sources */,
				BB00000100000001CCDD0003 /* Tests */,
				29B97317FDCFA39411CA2CEA /* Resources */,
				29B97323FDCFA39411CA2CEA /* Frameworks */,
				19C28FACFE9D520D11CA2CBB /* Products */,
			);
			name = AvroKeyboard;
			sourceTree = "<group>";
		};
		29B97317FDCFA39411CA2CEA /* Resources */ = {
			isa = PBXGroup;
			children = (
				832F56401F994B6500432D7A /* Images.xcassets */,
				356B186115A4434D00091215 /* Icons */,
				3515102C184B99AE00D5059A /* autodict.plist */,
				35F4DE72159404A3001EAC81 /* data.json */,
				350CECE0159C45790009F0FE /* regex.json */,
				350CECD9159C45790009F0FE /* database.db3 */,
				35895BFA1597706800F2A3ED /* MainMenu.nib */,
				3512ED581597853F0085E81E /* preferences.nib */,
				3587CCD715A7C5E50074BFF1 /* preferences.plist */,
				8D1107310486CEB800E47090 /* Info.plist */,
				089C165CFE840E0CC02AAC07 /* InfoPlist.strings */,
				3578E8FC15A26EC100C1FB8E /* Credits.rtfd */,
			);
			name = Resources;
			sourceTree = "<group>";
		};
		29B97323FDCFA39411CA2CEA /* Frameworks */ = {
			isa = PBXGroup;
			children = (
				1058C7A1FEA54F0111CA2CBB /* Cocoa.framework */,
				E93074B60A5C264700470842 /* InputMethodKit.framework */,
				29B97324FDCFA39411CA2CEA /* AppKit.framework */,
				29B97325FDCFA39411CA2CEA /* Foundation.framework */,
				350CECF5159C5C5F0009F0FE /* libsqlite3.dylib */,
			);
			name = Frameworks;
			sourceTree = "<group>";
		};
		356B186115A4434D00091215 /* Icons */ = {
			isa = PBXGroup;
			children = (
				356B186B15A4499B00091215 /* Credits.png */,
				356B186C15A4499B00091215 /* General.png */,
				356B186815A445DA00091215 /* AutoCorrect.png */,
			);
			name = Icons;
			sourceTree = "<group>";
		};
		AA00000300000001AABB0001 /* Sources */ = {
			isa = PBXGroup;
			children = (
				AA00000300000001AABB0002 /* App */,
				AA00000300000001AABB0003 /* Models */,
				AA00000300000001AABB0004 /* Parsers */,
				AA00000300000001AABB0005 /* Services */,
				AA00000300000001AABB0006 /* Controllers */,
				AA00000300000001AABB0007 /* Extensions */,
			);
			path = Sources;
			sourceTree = "<group>";
		};
		AA00000300000001AABB0002 /* App */ = {
			isa = PBXGroup;
			children = (
				AA00000200000001AABB0001 /* main.swift */,
				AA00000200000001AABB0002 /* AppDelegate.swift */,
				AA00000200000001AABB0003 /* IMPreferences.swift */,
			);
			path = App;
			sourceTree = "<group>";
		};
		AA00000300000001AABB0003 /* Models */ = {
			isa = PBXGroup;
			children = (
				AA00000200000001AABB0004 /* AutoCorrectItem.swift */,
			);
			path = Models;
			sourceTree = "<group>";
		};
		AA00000300000001AABB0004 /* Parsers */ = {
			isa = PBXGroup;
			children = (
				AA00000200000001AABB0006 /* PatternMatcher.swift */,
				AA00000200000001AABB0007 /* AvroParser.swift */,
				AA00000200000001AABB0008 /* RegexParser.swift */,
			);
			path = Parsers;
			sourceTree = "<group>";
		};
		AA00000300000001AABB0005 /* Services */ = {
			isa = PBXGroup;
			children = (
				AA00000200000001AABB0009 /* Database.swift */,
				AA00000200000001AABB000A /* AutoCorrect.swift */,
				AA00000200000001AABB000B /* CacheManager.swift */,
				AA00000200000001AABB000C /* SuggestionEngine.swift */,
			);
			path = Services;
			sourceTree = "<group>";
		};
		AA00000300000001AABB0006 /* Controllers */ = {
			isa = PBXGroup;
			children = (
				AA00000200000001AABB000D /* CandidatesPanel.swift */,
				AA00000200000001AABB000E /* AvroKeyboardController.swift */,
				AA00000200000001AABB000F /* PreferencesController.swift */,
			);
			path = Controllers;
			sourceTree = "<group>";
		};
		AA00000300000001AABB0007 /* Extensions */ = {
			isa = PBXGroup;
			children = (
				AA00000200000001AABB0005 /* String+Levenshtein.swift */,
			);
			path = Extensions;
			sourceTree = "<group>";
		};
		BB00000100000001CCDD0003 /* Tests */ = {
			isa = PBXGroup;
			children = (
				BB00000100000001CCDD0001 /* LevenshteinTests.swift */,
			);
			path = Tests;
			sourceTree = "<group>";
		};
/* End PBXGroup section */

/* Begin PBXNativeTarget section */
		8D1107260486CEB800E47090 /* Avro Keyboard */ = {
			isa = PBXNativeTarget;
			buildConfigurationList = C01FCF4A08A954540054247B /* Build configuration list for PBXNativeTarget "Avro Keyboard" */;
			buildPhases = (
				8D1107290486CEB800E47090 /* Resources */,
				8D11072C0486CEB800E47090 /* Sources */,
				8D11072E0486CEB800E47090 /* Frameworks */,
			);
			buildRules = (
			);
			dependencies = (
			);
			name = "Avro Keyboard";
			productInstallPath = "\"$(LOCAL_LIBRARY_DIR)/Input Methods/\"";
			productName = "Avro Keyboard";
			productReference = 8D1107320486CEB800E47090 /* Avro Keyboard.app */;
			productType = "com.apple.product-type.application";
		};
		BB00000100000001CCDD0007 /* AvroKeyboardTests */ = {
			isa = PBXNativeTarget;
			buildConfigurationList = BB00000100000001CCDD000C /* Build configuration list for PBXNativeTarget "AvroKeyboardTests" */;
			buildPhases = (
				BB00000100000001CCDD0006 /* Sources */,
				BB00000100000001CCDD0005 /* Frameworks */,
			);
			buildRules = (
			);
			dependencies = (
				BB00000100000001CCDD0009 /* PBXTargetDependency */,
			);
			name = AvroKeyboardTests;
			productName = AvroKeyboardTests;
			productReference = BB00000100000001CCDD0004 /* AvroKeyboardTests.xctest */;
			productType = "com.apple.product-type.bundle.unit-test";
		};
/* End PBXNativeTarget section */

/* Begin PBXProject section */
		29B97313FDCFA39411CA2CEA /* Project object */ = {
			isa = PBXProject;
			attributes = {
				BuildIndependentTargetsInParallel = YES;
				LastSwiftUpdateCheck = 1600;
				LastUpgradeCheck = 1600;
				ORGANIZATIONNAME = OmicronLab;
				TargetAttributes = {
					8D1107260486CEB800E47090 = {
						LastSwiftMigration = 1600;
					};
					BB00000100000001CCDD0007 = {
						CreatedOnToolsVersion = 16.0;
						TestTargetID = 8D1107260486CEB800E47090;
					};
				};
			};
			buildConfigurationList = C01FCF4E08A954540054247B /* Build configuration list for PBXProject "AvroKeyboard" */;
			compatibilityVersion = "Xcode 14.0";
			developmentRegion = en;
			hasScannedForEncodings = 1;
			knownRegions = (
				en,
				English,
			);
			mainGroup = 29B97314FDCFA39411CA2CEA /* AvroKeyboard */;
			productRefGroup = 19C28FACFE9D520D11CA2CBB /* Products */;
			projectDirPath = "";
			projectRoot = "";
			targets = (
				8D1107260486CEB800E47090 /* Avro Keyboard */,
				BB00000100000001CCDD0007 /* AvroKeyboardTests */,
			);
		};
/* End PBXProject section */

/* Begin PBXResourcesBuildPhase section */
		8D1107290486CEB800E47090 /* Resources */ = {
			isa = PBXResourcesBuildPhase;
			buildActionMask = 2147483647;
			files = (
				8D11072B0486CEB800E47090 /* InfoPlist.strings in Resources */,
				35F4DE73159404A3001EAC81 /* data.json in Resources */,
				832F56411F994B6500432D7A /* Images.xcassets in Resources */,
				35895BFE1597706800F2A3ED /* MainMenu.nib in Resources */,
				3512ED5A159785400085E81E /* preferences.nib in Resources */,
				3515102D184B99AE00D5059A /* autodict.plist in Resources */,
				350CECE5159C45790009F0FE /* database.db3 in Resources */,
				350CECE9159C45790009F0FE /* regex.json in Resources */,
				3578E8FD15A26EC100C1FB8E /* Credits.rtfd in Resources */,
				356B186915A445DA00091215 /* AutoCorrect.png in Resources */,
				356B186D15A4499B00091215 /* Credits.png in Resources */,
				356B186E15A4499B00091215 /* General.png in Resources */,
				3587CCD815A7C5E50074BFF1 /* preferences.plist in Resources */,
			);
			runOnlyForDeploymentPostprocessing = 0;
		};
/* End PBXResourcesBuildPhase section */

/* Begin PBXSourcesBuildPhase section */
		8D11072C0486CEB800E47090 /* Sources */ = {
			isa = PBXSourcesBuildPhase;
			buildActionMask = 2147483647;
			files = (
				AA00000100000001AABB0001 /* main.swift in Sources */,
				AA00000100000001AABB0002 /* AppDelegate.swift in Sources */,
				AA00000100000001AABB0003 /* IMPreferences.swift in Sources */,
				AA00000100000001AABB0004 /* AutoCorrectItem.swift in Sources */,
				AA00000100000001AABB0005 /* String+Levenshtein.swift in Sources */,
				AA00000100000001AABB0006 /* PatternMatcher.swift in Sources */,
				AA00000100000001AABB0007 /* AvroParser.swift in Sources */,
				AA00000100000001AABB0008 /* RegexParser.swift in Sources */,
				AA00000100000001AABB0009 /* Database.swift in Sources */,
				AA00000100000001AABB000A /* AutoCorrect.swift in Sources */,
				AA00000100000001AABB000B /* CacheManager.swift in Sources */,
				AA00000100000001AABB000C /* SuggestionEngine.swift in Sources */,
				AA00000100000001AABB000D /* CandidatesPanel.swift in Sources */,
				AA00000100000001AABB000E /* AvroKeyboardController.swift in Sources */,
				AA00000100000001AABB000F /* PreferencesController.swift in Sources */,
			);
			runOnlyForDeploymentPostprocessing = 0;
		};
		BB00000100000001CCDD0006 /* Sources */ = {
			isa = PBXSourcesBuildPhase;
			buildActionMask = 2147483647;
			files = (
				BB00000100000001CCDD0002 /* LevenshteinTests.swift in Sources */,
			);
			runOnlyForDeploymentPostprocessing = 0;
		};
/* End PBXSourcesBuildPhase section */

/* Begin PBXTargetDependency section */
		BB00000100000001CCDD0009 /* PBXTargetDependency */ = {
			isa = PBXTargetDependency;
			target = 8D1107260486CEB800E47090 /* Avro Keyboard */;
			targetProxy = BB00000100000001CCDD0008 /* PBXContainerItemProxy */;
		};
/* End PBXTargetDependency section */

/* Begin PBXVariantGroup section */
		089C165CFE840E0CC02AAC07 /* InfoPlist.strings */ = {
			isa = PBXVariantGroup;
			children = (
				089C165DFE840E0CC02AAC07 /* English */,
			);
			name = InfoPlist.strings;
			sourceTree = "<group>";
		};
		3512ED581597853F0085E81E /* preferences.nib */ = {
			isa = PBXVariantGroup;
			children = (
				3512ED591597853F0085E81E /* English */,
			);
			name = preferences.nib;
			sourceTree = "<group>";
		};
		35895BFA1597706800F2A3ED /* MainMenu.nib */ = {
			isa = PBXVariantGroup;
			children = (
				35895BFB1597706800F2A3ED /* English */,
			);
			name = MainMenu.nib;
			sourceTree = "<group>";
		};
/* End PBXVariantGroup section */

/* Begin XCBuildConfiguration section */
		BB00000100000001CCDD000A /* Debug */ = {
			isa = XCBuildConfiguration;
			buildSettings = {
				BUNDLE_LOADER = "$(TEST_HOST)";
				CODE_SIGN_STYLE = Automatic;
				DEVELOPMENT_TEAM = 22LN73JVY9;
				GENERATE_INFOPLIST_FILE = YES;
				MACOSX_DEPLOYMENT_TARGET = 13.0;
				PRODUCT_BUNDLE_IDENTIFIER = com.omicronlab.AvroKeyboardTests;
				PRODUCT_NAME = "$(TARGET_NAME)";
				SWIFT_STRICT_CONCURRENCY = complete;
				SWIFT_VERSION = 6.0;
				TEST_HOST = "$(BUILT_PRODUCTS_DIR)/Avro Keyboard.app/Contents/MacOS/Avro Keyboard";
			};
			name = Debug;
		};
		BB00000100000001CCDD000B /* Release */ = {
			isa = XCBuildConfiguration;
			buildSettings = {
				BUNDLE_LOADER = "$(TEST_HOST)";
				CODE_SIGN_STYLE = Automatic;
				DEVELOPMENT_TEAM = 22LN73JVY9;
				GENERATE_INFOPLIST_FILE = YES;
				MACOSX_DEPLOYMENT_TARGET = 13.0;
				PRODUCT_BUNDLE_IDENTIFIER = com.omicronlab.AvroKeyboardTests;
				PRODUCT_NAME = "$(TARGET_NAME)";
				SWIFT_STRICT_CONCURRENCY = complete;
				SWIFT_VERSION = 6.0;
				TEST_HOST = "$(BUILT_PRODUCTS_DIR)/Avro Keyboard.app/Contents/MacOS/Avro Keyboard";
			};
			name = Release;
		};
		C01FCF4B08A954540054247B /* Debug */ = {
			isa = XCBuildConfiguration;
			buildSettings = {
				ASSETCATALOG_COMPILER_APPICON_NAME = AppIcon;
				CLANG_ENABLE_MODULES = YES;
				CODE_SIGN_IDENTITY = "Apple Development";
				"CODE_SIGN_IDENTITY[sdk=macosx*]" = "-";
				CODE_SIGN_STYLE = Automatic;
				COMBINE_HIDPI_IMAGES = YES;
				COPY_PHASE_STRIP = NO;
				DEVELOPMENT_TEAM = 22LN73JVY9;
				GCC_DYNAMIC_NO_PIC = NO;
				GCC_OPTIMIZATION_LEVEL = 0;
				INFOPLIST_FILE = Info.plist;
				INSTALL_PATH = "\"$(LOCAL_LIBRARY_DIR)/Input Methods/\"";
				MACOSX_DEPLOYMENT_TARGET = 13.0;
				PRODUCT_BUNDLE_IDENTIFIER = com.omicronlab.inputmethod.AvroKeyboard;
				PRODUCT_NAME = "Avro Keyboard";
				PROVISIONING_PROFILE_SPECIFIER = "";
				SWIFT_ACTIVE_COMPILATION_CONDITIONS = "DEBUG $(inherited)";
				SWIFT_OPTIMIZATION_LEVEL = "-Onone";
				SWIFT_STRICT_CONCURRENCY = complete;
				SWIFT_VERSION = 6.0;
				WRAPPER_EXTENSION = app;
			};
			name = Debug;
		};
		C01FCF4C08A954540054247B /* Release */ = {
			isa = XCBuildConfiguration;
			buildSettings = {
				ASSETCATALOG_COMPILER_APPICON_NAME = AppIcon;
				CLANG_ENABLE_MODULES = YES;
				CODE_SIGN_IDENTITY = "Apple Development";
				"CODE_SIGN_IDENTITY[sdk=macosx*]" = "-";
				CODE_SIGN_STYLE = Automatic;
				COMBINE_HIDPI_IMAGES = YES;
				DEVELOPMENT_TEAM = 22LN73JVY9;
				GCC_GENERATE_DEBUGGING_SYMBOLS = YES;
				INFOPLIST_FILE = Info.plist;
				INSTALL_PATH = "\"$(LOCAL_LIBRARY_DIR)/Input Methods/\"";
				MACOSX_DEPLOYMENT_TARGET = 13.0;
				PRODUCT_BUNDLE_IDENTIFIER = com.omicronlab.inputmethod.AvroKeyboard;
				PRODUCT_NAME = "Avro Keyboard";
				PROVISIONING_PROFILE_SPECIFIER = "";
				SWIFT_COMPILATION_MODE = wholemodule;
				SWIFT_OPTIMIZATION_LEVEL = "-O";
				SWIFT_STRICT_CONCURRENCY = complete;
				SWIFT_VERSION = 6.0;
				WRAPPER_EXTENSION = app;
			};
			name = Release;
		};
		C01FCF4F08A954540054247B /* Debug */ = {
			isa = XCBuildConfiguration;
			buildSettings = {
				CLANG_ANALYZER_LOCALIZABILITY_NONLOCALIZED = YES;
				CLANG_ENABLE_MODULES = YES;
				CLANG_WARN_BLOCK_CAPTURE_AUTORELEASING = YES;
				CLANG_WARN_BOOL_CONVERSION = YES;
				CLANG_WARN_COMMA = YES;
				CLANG_WARN_CONSTANT_CONVERSION = YES;
				CLANG_WARN_DEPRECATED_OBJC_IMPLEMENTATIONS = YES;
				CLANG_WARN_EMPTY_BODY = YES;
				CLANG_WARN_ENUM_CONVERSION = YES;
				CLANG_WARN_INFINITE_RECURSION = YES;
				CLANG_WARN_INT_CONVERSION = YES;
				CLANG_WARN_NON_LITERAL_NULL_CONVERSION = YES;
				CLANG_WARN_OBJC_IMPLICIT_RETAIN_SELF = YES;
				CLANG_WARN_OBJC_LITERAL_CONVERSION = YES;
				CLANG_WARN_QUOTED_INCLUDE_IN_FRAMEWORK_HEADER = YES;
				CLANG_WARN_RANGE_LOOP_ANALYSIS = YES;
				CLANG_WARN_STRICT_PROTOTYPES = YES;
				CLANG_WARN_SUSPICIOUS_MOVE = YES;
				CLANG_WARN_UNREACHABLE_CODE = YES;
				CLANG_WARN__DUPLICATE_METHOD_MATCH = YES;
				ENABLE_STRICT_OBJC_MSGSEND = YES;
				ENABLE_TESTABILITY = YES;
				GCC_NO_COMMON_BLOCKS = YES;
				GCC_WARN_64_TO_32_BIT_CONVERSION = YES;
				GCC_WARN_ABOUT_RETURN_TYPE = YES_ERROR;
				GCC_WARN_UNDECLARED_SELECTOR = YES;
				GCC_WARN_UNINITIALIZED_AUTOS = YES_AGGRESSIVE;
				GCC_WARN_UNUSED_FUNCTION = YES;
				GCC_WARN_UNUSED_VARIABLE = YES;
				MACOSX_DEPLOYMENT_TARGET = 13.0;
				ONLY_ACTIVE_ARCH = YES;
			};
			name = Debug;
		};
		C01FCF5008A954540054247B /* Release */ = {
			isa = XCBuildConfiguration;
			buildSettings = {
				CLANG_ANALYZER_LOCALIZABILITY_NONLOCALIZED = YES;
				CLANG_ENABLE_MODULES = YES;
				CLANG_WARN_BLOCK_CAPTURE_AUTORELEASING = YES;
				CLANG_WARN_BOOL_CONVERSION = YES;
				CLANG_WARN_COMMA = YES;
				CLANG_WARN_CONSTANT_CONVERSION = YES;
				CLANG_WARN_DEPRECATED_OBJC_IMPLEMENTATIONS = YES;
				CLANG_WARN_EMPTY_BODY = YES;
				CLANG_WARN_ENUM_CONVERSION = YES;
				CLANG_WARN_INFINITE_RECURSION = YES;
				CLANG_WARN_INT_CONVERSION = YES;
				CLANG_WARN_NON_LITERAL_NULL_CONVERSION = YES;
				CLANG_WARN_OBJC_IMPLICIT_RETAIN_SELF = YES;
				CLANG_WARN_OBJC_LITERAL_CONVERSION = YES;
				CLANG_WARN_QUOTED_INCLUDE_IN_FRAMEWORK_HEADER = YES;
				CLANG_WARN_RANGE_LOOP_ANALYSIS = YES;
				CLANG_WARN_STRICT_PROTOTYPES = YES;
				CLANG_WARN_SUSPICIOUS_MOVE = YES;
				CLANG_WARN_UNREACHABLE_CODE = YES;
				CLANG_WARN__DUPLICATE_METHOD_MATCH = YES;
				ENABLE_STRICT_OBJC_MSGSEND = YES;
				GCC_NO_COMMON_BLOCKS = YES;
				GCC_WARN_64_TO_32_BIT_CONVERSION = YES;
				GCC_WARN_ABOUT_RETURN_TYPE = YES_ERROR;
				GCC_WARN_UNDECLARED_SELECTOR = YES;
				GCC_WARN_UNINITIALIZED_AUTOS = YES_AGGRESSIVE;
				GCC_WARN_UNUSED_FUNCTION = YES;
				GCC_WARN_UNUSED_VARIABLE = YES;
				MACOSX_DEPLOYMENT_TARGET = 13.0;
			};
			name = Release;
		};
/* End XCBuildConfiguration section */

/* Begin XCConfigurationList section */
		C01FCF4A08A954540054247B /* Build configuration list for PBXNativeTarget "Avro Keyboard" */ = {
			isa = XCConfigurationList;
			buildConfigurations = (
				C01FCF4B08A954540054247B /* Debug */,
				C01FCF4C08A954540054247B /* Release */,
			);
			defaultConfigurationIsVisible = 0;
			defaultConfigurationName = Release;
		};
		C01FCF4E08A954540054247B /* Build configuration list for PBXProject "AvroKeyboard" */ = {
			isa = XCConfigurationList;
			buildConfigurations = (
				C01FCF4F08A954540054247B /* Debug */,
				C01FCF5008A954540054247B /* Release */,
			);
			defaultConfigurationIsVisible = 0;
			defaultConfigurationName = Release;
		};
		BB00000100000001CCDD000C /* Build configuration list for PBXNativeTarget "AvroKeyboardTests" */ = {
			isa = XCConfigurationList;
			buildConfigurations = (
				BB00000100000001CCDD000A /* Debug */,
				BB00000100000001CCDD000B /* Release */,
			);
			defaultConfigurationIsVisible = 0;
			defaultConfigurationName = Release;
		};
/* End XCConfigurationList section */
	};
	rootObject = 29B97313FDCFA39411CA2CEA /* Project object */;
}
