// !$*UTF8*$!
{
	archiveVersion = 1;
	classes = {
	};
	objectVersion = 46;
	objects = {

/* Begin PBXBuildFile section */
		350CECE5159C45790009F0FE /* database.db3 in Resources */ = {isa = PBXBuildFile; fileRef = 350CECD9159C45790009F0FE /* database.db3 */; };
		350CECE9159C45790009F0FE /* regex.json in Resources */ = {isa = PBXBuildFile; fileRef = 350CECE0159C45790009F0FE /* regex.json */; };
		350CECEB159C45790009F0FE /* RegexParser.m in Sources */ = {isa = PBXBuildFile; fileRef = 350CECE4159C45790009F0FE /* RegexParser.m */; };
		350CECF2159C5BEF0009F0FE /* libicucore.dylib in Frameworks */ = {isa = PBXBuildFile; fileRef = 350CECF1159C5BEF0009F0FE /* libicucore.dylib */; };
		350CECF6159C5C5F0009F0FE /* libsqlite3.dylib in Frameworks */ = {isa = PBXBuildFile; fileRef = 350CECF5159C5C5F0009F0FE /* libsqlite3.dylib */; };
		350CED1B159CF3300009F0FE /* Database.m in Sources */ = {isa = PBXBuildFile; fileRef = 350CED18159CF3300009F0FE /* Database.m */; };
		350CED1C159CF3300009F0FE /* Suggestion.m in Sources */ = {isa = PBXBuildFile; fileRef = 350CED1A159CF3300009F0FE /* Suggestion.m */; };
		3512ED5A159785400085E81E /* preferences.nib in Resources */ = {isa = PBXBuildFile; fileRef = 3512ED581597853F0085E81E /* preferences.nib */; };
		3515102D184B99AE00D5059A /* autodict.plist in Resources */ = {isa = PBXBuildFile; fileRef = 3515102C184B99AE00D5059A /* autodict.plist */; };
		3528AA9C1853AFF300B8D51F /* AutoCorrectItem.m in Sources */ = {isa = PBXBuildFile; fileRef = 3528AA9B1853AFF300B8D51F /* AutoCorrectItem.m */; };
		3553A33515A0009E00FE8491 /* CacheManager.m in Sources */ = {isa = PBXBuildFile; fileRef = 3553A33415A0009E00FE8491 /* CacheManager.m */; };
		356B186915A445DA00091215 /* AutoCorrect.png in Resources */ = {isa = PBXBuildFile; fileRef = 356B186815A445DA00091215 /* AutoCorrect.png */; };
		356B186D15A4499B00091215 /* Credits.png in Resources */ = {isa = PBXBuildFile; fileRef = 356B186B15A4499B00091215 /* Credits.png */; };
		356B186E15A4499B00091215 /* General.png in Resources */ = {isa = PBXBuildFile; fileRef = 356B186C15A4499B00091215 /* General.png */; };
		3578E8FD15A26EC100C1FB8E /* Credits.rtfd in Resources */ = {isa = PBXBuildFile; fileRef = 3578E8FC15A26EC100C1FB8E /* Credits.rtfd */; };
		3587CCD815A7C5E50074BFF1 /* preferences.plist in Resources */ = {isa = PBXBuildFile; fileRef = 3587CCD715A7C5E50074BFF1 /* preferences.plist */; };
		35895BF01597639A00F2A3ED /* AutoCorrect.m in Sources */ = {isa = PBXBuildFile; fileRef = 35895BEF1597639A00F2A3ED /* AutoCorrect.m */; };
		35895BFE1597706800F2A3ED /* MainMenu.nib in Resources */ = {isa = PBXBuildFile; fileRef = 35895BFA1597706800F2A3ED /* MainMenu.nib */; };
		359C1C70159286750080E2FD /* Candidates.m in Sources */ = {isa = PBXBuildFile; fileRef = 359C1C6F159286750080E2FD /* Candidates.m */; };
		35A273011847E28900689B17 /* Images.xcassets in Resources */ = {isa = PBXBuildFile; fileRef = 35A273001847E28900689B17 /* Images.xcassets */; };
		35B007CB1597BF9A000CE409 /* PreferencesController.m in Sources */ = {isa = PBXBuildFile; fileRef = 35B007CA1597BF9A000CE409 /* PreferencesController.m */; };
		35B47478159A668D00C69C7D /* avro.icns in Resources */ = {isa = PBXBuildFile; fileRef = 35B47477159A668D00C69C7D /* avro.icns */; };
		35B6EE6D15A0C4F2004C7C9B /* NSString+Levenshtein.m in Sources */ = {isa = PBXBuildFile; fileRef = 35B6EE6C15A0C4F2004C7C9B /* NSString+Levenshtein.m */; };
		35DBC86B1597A15B00B9772E /* MainMenuAppDelegate.m in Sources */ = {isa = PBXBuildFile; fileRef = 35DBC86A1597A15B00B9772E /* MainMenuAppDelegate.m */; };
		35F4DE73159404A3001EAC81 /* data.json in Resources */ = {isa = PBXBuildFile; fileRef = 35F4DE72159404A3001EAC81 /* data.json */; };
		35F4DE7F1594096B001EAC81 /* AvroParser.m in Sources */ = {isa = PBXBuildFile; fileRef = 35F4DE7E1594096B001EAC81 /* AvroParser.m */; };
		8D11072B0486CEB800E47090 /* InfoPlist.strings in Resources */ = {isa = PBXBuildFile; fileRef = 089C165CFE840E0CC02AAC07 /* InfoPlist.strings */; };
		8D11072D0486CEB800E47090 /* main.m in Sources */ = {isa = PBXBuildFile; fileRef = 29B97316FDCFA39411CA2CEA /* main.m */; settings = {ATTRIBUTES = (); }; };
		8D11072F0486CEB800E47090 /* Cocoa.framework in Frameworks */ = {isa = PBXBuildFile; fileRef = 1058C7A1FEA54F0111CA2CBB /* Cocoa.framework */; };
		DBFB0605CE4B4B5BBA99700C /* libPods.a in Frameworks */ = {isa = PBXBuildFile; fileRef = 1E38280E1FD04A56AC8248F9 /* libPods.a */; };
		E93074B70A5C264700470842 /* InputMethodKit.framework in Frameworks */ = {isa = PBXBuildFile; fileRef = E93074B60A5C264700470842 /* InputMethodKit.framework */; };
		E93074E20A5C2F1200470842 /* AvroKeyboardController.m in Sources */ = {isa = PBXBuildFile; fileRef = E93074E10A5C2F1200470842 /* AvroKeyboardController.m */; };
/* End PBXBuildFile section */

/* Begin PBXFileReference section */
		089C165DFE840E0CC02AAC07 /* English */ = {isa = PBXFileReference; fileEncoding = 10; lastKnownFileType = text.plist.strings; name = English; path = English.lproj/InfoPlist.strings; sourceTree = "<group>"; };
		1058C7A1FEA54F0111CA2CBB /* Cocoa.framework */ = {isa = PBXFileReference; lastKnownFileType = wrapper.framework; name = Cocoa.framework; path = /System/Library/Frameworks/Cocoa.framework; sourceTree = "<absolute>"; };
		1E38280E1FD04A56AC8248F9 /* libPods.a */ = {isa = PBXFileReference; explicitFileType = archive.ar; includeInIndex = 0; path = libPods.a; sourceTree = BUILT_PRODUCTS_DIR; };
		29B97316FDCFA39411CA2CEA /* main.m */ = {isa = PBXFileReference; fileEncoding = 4; lastKnownFileType = sourcecode.c.objc; path = main.m; sourceTree = "<group>"; };
		29B97324FDCFA39411CA2CEA /* AppKit.framework */ = {isa = PBXFileReference; lastKnownFileType = wrapper.framework; name = AppKit.framework; path = /System/Library/Frameworks/AppKit.framework; sourceTree = "<absolute>"; };
		29B97325FDCFA39411CA2CEA /* Foundation.framework */ = {isa = PBXFileReference; lastKnownFileType = wrapper.framework; name = Foundation.framework; path = /System/Library/Frameworks/Foundation.framework; sourceTree = "<absolute>"; };
		32CA4F630368D1EE00C91783 /* AvroKeyboard_Prefix.pch */ = {isa = PBXFileReference; fileEncoding = 4; lastKnownFileType = sourcecode.c.h; path = AvroKeyboard_Prefix.pch; sourceTree = "<group>"; };
		350CECD9159C45790009F0FE /* database.db3 */ = {isa = PBXFileReference; lastKnownFileType = file; path = database.db3; sourceTree = "<group>"; };
		350CECE0159C45790009F0FE /* regex.json */ = {isa = PBXFileReference; fileEncoding = 4; lastKnownFileType = text.json; path = regex.json; sourceTree = "<group>"; };
		350CECE3159C45790009F0FE /* RegexParser.h */ = {isa = PBXFileReference; fileEncoding = 4; lastKnownFileType = sourcecode.c.h; path = RegexParser.h; sourceTree = "<group>"; };
		350CECE4159C45790009F0FE /* RegexParser.m */ = {isa = PBXFileReference; fileEncoding = 4; lastKnownFileType = sourcecode.c.objc; path = RegexParser.m; sourceTree = "<group>"; };
		350CECF1159C5BEF0009F0FE /* libicucore.dylib */ = {isa = PBXFileReference; lastKnownFileType = "compiled.mach-o.dylib"; name = libicucore.dylib; path = /usr/lib/libicucore.dylib; sourceTree = "<absolute>"; };
		350CECF5159C5C5F0009F0FE /* libsqlite3.dylib */ = {isa = PBXFileReference; lastKnownFileType = "compiled.mach-o.dylib"; name = libsqlite3.dylib; path = /usr/lib/libsqlite3.dylib; sourceTree = "<absolute>"; };
		350CED17159CF3300009F0FE /* Database.h */ = {isa = PBXFileReference; fileEncoding = 4; lastKnownFileType = sourcecode.c.h; path = Database.h; sourceTree = "<group>"; };
		350CED18159CF3300009F0FE /* Database.m */ = {isa = PBXFileReference; fileEncoding = 4; lastKnownFileType = sourcecode.c.objc; path = Database.m; sourceTree = "<group>"; };
		350CED19159CF3300009F0FE /* Suggestion.h */ = {isa = PBXFileReference; fileEncoding = 4; lastKnownFileType = sourcecode.c.h; path = Suggestion.h; sourceTree = "<group>"; };
		350CED1A159CF3300009F0FE /* Suggestion.m */ = {isa = PBXFileReference; fileEncoding = 4; lastKnownFileType = sourcecode.c.objc; path = Suggestion.m; sourceTree = "<group>"; };
		3512ED591597853F0085E81E /* English */ = {isa = PBXFileReference; lastKnownFileType = wrapper.nib; name = English; path = English.lproj/preferences.nib; sourceTree = "<group>"; };
		3515102C184B99AE00D5059A /* autodict.plist */ = {isa = PBXFileReference; fileEncoding = 4; lastKnownFileType = text.plist.xml; path = autodict.plist; sourceTree = "<group>"; };
		3528AA9A1853AFF300B8D51F /* AutoCorrectItem.h */ = {isa = PBXFileReference; fileEncoding = 4; lastKnownFileType = sourcecode.c.h; path = AutoCorrectItem.h; sourceTree = "<group>"; };
		3528AA9B1853AFF300B8D51F /* AutoCorrectItem.m */ = {isa = PBXFileReference; fileEncoding = 4; lastKnownFileType = sourcecode.c.objc; path = AutoCorrectItem.m; sourceTree = "<group>"; };
		3553A33315A0009D00FE8491 /* CacheManager.h */ = {isa = PBXFileReference; fileEncoding = 4; lastKnownFileType = sourcecode.c.h; path = CacheManager.h; sourceTree = "<group>"; };
		3553A33415A0009E00FE8491 /* CacheManager.m */ = {isa = PBXFileReference; fileEncoding = 4; lastKnownFileType = sourcecode.c.objc; path = CacheManager.m; sourceTree = "<group>"; };
		356B186815A445DA00091215 /* AutoCorrect.png */ = {isa = PBXFileReference; lastKnownFileType = image.png; name = AutoCorrect.png; path = Icons/AutoCorrect.png; sourceTree = "<group>"; };
		356B186B15A4499B00091215 /* Credits.png */ = {isa = PBXFileReference; lastKnownFileType = image.png; name = Credits.png; path = Icons/Credits.png; sourceTree = "<group>"; };
		356B186C15A4499B00091215 /* General.png */ = {isa = PBXFileReference; lastKnownFileType = image.png; name = General.png; path = Icons/General.png; sourceTree = "<group>"; };
		3578E8FC15A26EC100C1FB8E /* Credits.rtfd */ = {isa = PBXFileReference; lastKnownFileType = wrapper.rtfd; path = Credits.rtfd; sourceTree = "<group>"; };
		3587CCD715A7C5E50074BFF1 /* preferences.plist */ = {isa = PBXFileReference; fileEncoding = 4; lastKnownFileType = text.plist.xml; path = preferences.plist; sourceTree = "<group>"; };
		35895BEE1597639A00F2A3ED /* AutoCorrect.h */ = {isa = PBXFileReference; fileEncoding = 4; lastKnownFileType = sourcecode.c.h; path = AutoCorrect.h; sourceTree = "<group>"; };
		35895BEF1597639A00F2A3ED /* AutoCorrect.m */ = {isa = PBXFileReference; fileEncoding = 4; lastKnownFileType = sourcecode.c.objc; path = AutoCorrect.m; sourceTree = "<group>"; };
		35895BFB1597706800F2A3ED /* English */ = {isa = PBXFileReference; lastKnownFileType = wrapper.nib; name = English; path = English.lproj/MainMenu.nib; sourceTree = "<group>"; };
		359C1C6E159286750080E2FD /* Candidates.h */ = {isa = PBXFileReference; fileEncoding = 4; lastKnownFileType = sourcecode.c.h; path = Candidates.h; sourceTree = "<group>"; };
		359C1C6F159286750080E2FD /* Candidates.m */ = {isa = PBXFileReference; fileEncoding = 4; lastKnownFileType = sourcecode.c.objc; path = Candidates.m; sourceTree = "<group>"; };
		35A273001847E28900689B17 /* Images.xcassets */ = {isa = PBXFileReference; lastKnownFileType = folder.assetcatalog; name = Images.xcassets; path = "Avro Keyboard/Images.xcassets"; sourceTree = "<group>"; };
		35B007C91597BF9A000CE409 /* PreferencesController.h */ = {isa = PBXFileReference; fileEncoding = 4; lastKnownFileType = sourcecode.c.h; path = PreferencesController.h; sourceTree = "<group>"; };
		35B007CA1597BF9A000CE409 /* PreferencesController.m */ = {isa = PBXFileReference; fileEncoding = 4; lastKnownFileType = sourcecode.c.objc; path = PreferencesController.m; sourceTree = "<group>"; };
		35B47477159A668D00C69C7D /* avro.icns */ = {isa = PBXFileReference; lastKnownFileType = image.icns; path = avro.icns; sourceTree = "<group>"; };
		35B6EE6B15A0C4F2004C7C9B /* NSString+Levenshtein.h */ = {isa = PBXFileReference; fileEncoding = 4; lastKnownFileType = sourcecode.c.h; path = "NSString+Levenshtein.h"; sourceTree = "<group>"; };
		35B6EE6C15A0C4F2004C7C9B /* NSString+Levenshtein.m */ = {isa = PBXFileReference; fileEncoding = 4; lastKnownFileType = sourcecode.c.objc; path = "NSString+Levenshtein.m"; sourceTree = "<group>"; };
		35DBC8691597A15B00B9772E /* MainMenuAppDelegate.h */ = {isa = PBXFileReference; fileEncoding = 4; lastKnownFileType = sourcecode.c.h; path = MainMenuAppDelegate.h; sourceTree = "<group>"; };
		35DBC86A1597A15B00B9772E /* MainMenuAppDelegate.m */ = {isa = PBXFileReference; fileEncoding = 4; lastKnownFileType = sourcecode.c.objc; path = MainMenuAppDelegate.m; sourceTree = "<group>"; };
		35F4DE72159404A3001EAC81 /* data.json */ = {isa = PBXFileReference; fileEncoding = 4; lastKnownFileType = text.json; path = data.json; sourceTree = "<group>"; };
		35F4DE7D1594096B001EAC81 /* AvroParser.h */ = {isa = PBXFileReference; fileEncoding = 4; lastKnownFileType = sourcecode.c.h; path = AvroParser.h; sourceTree = "<group>"; };
		35F4DE7E1594096B001EAC81 /* AvroParser.m */ = {isa = PBXFileReference; fileEncoding = 4; lastKnownFileType = sourcecode.c.objc; path = AvroParser.m; sourceTree = "<group>"; };
		8D1107310486CEB800E47090 /* Info.plist */ = {isa = PBXFileReference; fileEncoding = 4; lastKnownFileType = text.plist; path = Info.plist; sourceTree = "<group>"; };
		8D1107320486CEB800E47090 /* Avro Keyboard.app */ = {isa = PBXFileReference; explicitFileType = wrapper.application; includeInIndex = 0; path = "Avro Keyboard.app"; sourceTree = BUILT_PRODUCTS_DIR; };
		A89BA35823C34174828F44CA /* Pods.xcconfig */ = {isa = PBXFileReference; includeInIndex = 1; lastKnownFileType = text.xcconfig; name = Pods.xcconfig; path = Pods/Pods.xcconfig; sourceTree = "<group>"; };
		E93074B60A5C264700470842 /* InputMethodKit.framework */ = {isa = PBXFileReference; lastKnownFileType = wrapper.framework; name = InputMethodKit.framework; path = /System/Library/Frameworks/InputMethodKit.framework; sourceTree = "<absolute>"; };
		E93074E00A5C2F1200470842 /* AvroKeyboardController.h */ = {isa = PBXFileReference; fileEncoding = 4; lastKnownFileType = sourcecode.c.h; path = AvroKeyboardController.h; sourceTree = "<group>"; };
		E93074E10A5C2F1200470842 /* AvroKeyboardController.m */ = {isa = PBXFileReference; fileEncoding = 4; lastKnownFileType = sourcecode.c.objc; path = AvroKeyboardController.m; sourceTree = "<group>"; };
/* End PBXFileReference section */

/* Begin PBXFrameworksBuildPhase section */
		8D11072E0486CEB800E47090 /* Frameworks */ = {
			isa = PBXFrameworksBuildPhase;
			buildActionMask = 2147483647;
			files = (
				8D11072F0486CEB800E47090 /* Cocoa.framework in Frameworks */,
				E93074B70A5C264700470842 /* InputMethodKit.framework in Frameworks */,
				350CECF6159C5C5F0009F0FE /* libsqlite3.dylib in Frameworks */,
				350CECF2159C5BEF0009F0FE /* libicucore.dylib in Frameworks */,
				DBFB0605CE4B4B5BBA99700C /* libPods.a in Frameworks */,
			);
			runOnlyForDeploymentPostprocessing = 0;
		};
/* End PBXFrameworksBuildPhase section */

/* Begin PBXGroup section */
		080E96DDFE201D6D7F000001 /* Classes */ = {
			isa = PBXGroup;
			children = (
				3528AA991853AFAF00B8D51F /* Models */,
				35B007C51597BF56000CE409 /* Controllers */,
				35B007CC1597BFC3000CE409 /* Others */,
				35B6EE6915A0C4AD004C7C9B /* Libraries */,
				35DBC8691597A15B00B9772E /* MainMenuAppDelegate.h */,
				35DBC86A1597A15B00B9772E /* MainMenuAppDelegate.m */,
			);
			name = Classes;
			sourceTree = "<group>";
		};
		1058C7A0FEA54F0111CA2CBB /* Linked Frameworks */ = {
			isa = PBXGroup;
			children = (
				1058C7A1FEA54F0111CA2CBB /* Cocoa.framework */,
			);
			name = "Linked Frameworks";
			sourceTree = "<group>";
		};
		1058C7A2FEA54F0111CA2CBB /* Other Frameworks */ = {
			isa = PBXGroup;
			children = (
				E93074B60A5C264700470842 /* InputMethodKit.framework */,
				29B97324FDCFA39411CA2CEA /* AppKit.framework */,
				29B97325FDCFA39411CA2CEA /* Foundation.framework */,
			);
			name = "Other Frameworks";
			sourceTree = "<group>";
		};
		19C28FACFE9D520D11CA2CBB /* Products */ = {
			isa = PBXGroup;
			children = (
				8D1107320486CEB800E47090 /* Avro Keyboard.app */,
			);
			name = Products;
			sourceTree = "<group>";
		};
		29B97314FDCFA39411CA2CEA /* NumberInput */ = {
			isa = PBXGroup;
			children = (
				080E96DDFE201D6D7F000001 /* Classes */,
				29B97315FDCFA39411CA2CEA /* Other Sources */,
				29B97317FDCFA39411CA2CEA /* Resources */,
				29B97323FDCFA39411CA2CEA /* Frameworks */,
				19C28FACFE9D520D11CA2CBB /* Products */,
				A89BA35823C34174828F44CA /* Pods.xcconfig */,
			);
			name = NumberInput;
			sourceTree = "<group>";
		};
		29B97315FDCFA39411CA2CEA /* Other Sources */ = {
			isa = PBXGroup;
			children = (
				32CA4F630368D1EE00C91783 /* AvroKeyboard_Prefix.pch */,
				29B97316FDCFA39411CA2CEA /* main.m */,
			);
			name = "Other Sources";
			sourceTree = "<group>";
		};
		29B97317FDCFA39411CA2CEA /* Resources */ = {
			isa = PBXGroup;
			children = (
				35A273001847E28900689B17 /* Images.xcassets */,
				356B186115A4434D00091215 /* Icons */,
				35B47477159A668D00C69C7D /* avro.icns */,
				3515102C184B99AE00D5059A /* autodict.plist */,
				35F4DE72159404A3001EAC81 /* data.json */,
				350CECE0159C45790009F0FE /* regex.json */,
				350CECD9159C45790009F0FE /* database.db3 */,
				35895BFA1597706800F2A3ED /* MainMenu.nib */,
				3512ED581597853F0085E81E /* preferences.nib */,
				3587CCD715A7C5E50074BFF1 /* preferences.plist */,
				8D1107310486CEB800E47090 /* Info.plist */,
				089C165CFE840E0CC02AAC07 /* InfoPlist.strings */,
				3578E8FC15A26EC100C1FB8E /* Credits.rtfd */,
			);
			name = Resources;
			sourceTree = "<group>";
		};
		29B97323FDCFA39411CA2CEA /* Frameworks */ = {
			isa = PBXGroup;
			children = (
				1058C7A0FEA54F0111CA2CBB /* Linked Frameworks */,
				1058C7A2FEA54F0111CA2CBB /* Other Frameworks */,
				350CECF5159C5C5F0009F0FE /* libsqlite3.dylib */,
				350CECF1159C5BEF0009F0FE /* libicucore.dylib */,
				1E38280E1FD04A56AC8248F9 /* libPods.a */,
			);
			name = Frameworks;
			sourceTree = "<group>";
		};
		3528AA991853AFAF00B8D51F /* Models */ = {
			isa = PBXGroup;
			children = (
				3528AA9A1853AFF300B8D51F /* AutoCorrectItem.h */,
				3528AA9B1853AFF300B8D51F /* AutoCorrectItem.m */,
			);
			name = Models;
			sourceTree = "<group>";
		};
		356B186115A4434D00091215 /* Icons */ = {
			isa = PBXGroup;
			children = (
				356B186B15A4499B00091215 /* Credits.png */,
				356B186C15A4499B00091215 /* General.png */,
				356B186815A445DA00091215 /* AutoCorrect.png */,
			);
			name = Icons;
			sourceTree = "<group>";
		};
		35B007C51597BF56000CE409 /* Controllers */ = {
			isa = PBXGroup;
			children = (
				E93074E00A5C2F1200470842 /* AvroKeyboardController.h */,
				E93074E10A5C2F1200470842 /* AvroKeyboardController.m */,
				35B007C91597BF9A000CE409 /* PreferencesController.h */,
				35B007CA1597BF9A000CE409 /* PreferencesController.m */,
			);
			name = Controllers;
			sourceTree = "<group>";
		};
		35B007CC1597BFC3000CE409 /* Others */ = {
			isa = PBXGroup;
			children = (
				35B6EE6815A0C4A4004C7C9B /* Parsers */,
				350CED19159CF3300009F0FE /* Suggestion.h */,
				350CED1A159CF3300009F0FE /* Suggestion.m */,
				3553A33315A0009D00FE8491 /* CacheManager.h */,
				3553A33415A0009E00FE8491 /* CacheManager.m */,
				359C1C6E159286750080E2FD /* Candidates.h */,
				359C1C6F159286750080E2FD /* Candidates.m */,
			);
			name = Others;
			sourceTree = "<group>";
		};
		35B6EE6815A0C4A4004C7C9B /* Parsers */ = {
			isa = PBXGroup;
			children = (
				35895BEE1597639A00F2A3ED /* AutoCorrect.h */,
				35895BEF1597639A00F2A3ED /* AutoCorrect.m */,
				35F4DE7D1594096B001EAC81 /* AvroParser.h */,
				35F4DE7E1594096B001EAC81 /* AvroParser.m */,
				350CECE3159C45790009F0FE /* RegexParser.h */,
				350CECE4159C45790009F0FE /* RegexParser.m */,
				350CED17159CF3300009F0FE /* Database.h */,
				350CED18159CF3300009F0FE /* Database.m */,
			);
			name = Parsers;
			sourceTree = "<group>";
		};
		35B6EE6915A0C4AD004C7C9B /* Libraries */ = {
			isa = PBXGroup;
			children = (
				35B6EE6B15A0C4F2004C7C9B /* NSString+Levenshtein.h */,
				35B6EE6C15A0C4F2004C7C9B /* NSString+Levenshtein.m */,
			);
			name = Libraries;
			sourceTree = "<group>";
		};
/* End PBXGroup section */

/* Begin PBXNativeTarget section */
		8D1107260486CEB800E47090 /* Avro Keyboard */ = {
			isa = PBXNativeTarget;
			buildConfigurationList = C01FCF4A08A954540054247B /* Build configuration list for PBXNativeTarget "Avro Keyboard" */;
			buildPhases = (
				BA2CB14F0BC44EAB9A08AF83 /* Check Pods Manifest.lock */,
				8D1107290486CEB800E47090 /* Resources */,
				8D11072C0486CEB800E47090 /* Sources */,
				8D11072E0486CEB800E47090 /* Frameworks */,
				DFBEC74677074A148F5467CE /* Copy Pods Resources */,
			);
			buildRules = (
			);
			dependencies = (
			);
			name = "Avro Keyboard";
			productInstallPath = "$(HOME)/Applications";
			productName = NumberInput;
			productReference = 8D1107320486CEB800E47090 /* Avro Keyboard.app */;
			productType = "com.apple.product-type.application";
		};
/* End PBXNativeTarget section */

/* Begin PBXProject section */
		29B97313FDCFA39411CA2CEA /* Project object */ = {
			isa = PBXProject;
			attributes = {
				LastUpgradeCheck = 0500;
				TargetAttributes = {
					8D1107260486CEB800E47090 = {
						DevelopmentTeam = 8FVM4CE4C6;
					};
				};
			};
			buildConfigurationList = C01FCF4E08A954540054247B /* Build configuration list for PBXProject "AvroKeyboard" */;
			compatibilityVersion = "Xcode 3.2";
			developmentRegion = English;
			hasScannedForEncodings = 1;
			knownRegions = (
				en,
				English,
			);
			mainGroup = 29B97314FDCFA39411CA2CEA /* NumberInput */;
			projectDirPath = "";
			projectRoot = "";
			targets = (
				8D1107260486CEB800E47090 /* Avro Keyboard */,
			);
		};
/* End PBXProject section */

/* Begin PBXResourcesBuildPhase section */
		8D1107290486CEB800E47090 /* Resources */ = {
			isa = PBXResourcesBuildPhase;
			buildActionMask = 2147483647;
			files = (
				8D11072B0486CEB800E47090 /* InfoPlist.strings in Resources */,
				35F4DE73159404A3001EAC81 /* data.json in Resources */,
				35895BFE1597706800F2A3ED /* MainMenu.nib in Resources */,
				3512ED5A159785400085E81E /* preferences.nib in Resources */,
				35B47478159A668D00C69C7D /* avro.icns in Resources */,
				3515102D184B99AE00D5059A /* autodict.plist in Resources */,
				350CECE5159C45790009F0FE /* database.db3 in Resources */,
				350CECE9159C45790009F0FE /* regex.json in Resources */,
				3578E8FD15A26EC100C1FB8E /* Credits.rtfd in Resources */,
				35A273011847E28900689B17 /* Images.xcassets in Resources */,
				356B186915A445DA00091215 /* AutoCorrect.png in Resources */,
				356B186D15A4499B00091215 /* Credits.png in Resources */,
				356B186E15A4499B00091215 /* General.png in Resources */,
				3587CCD815A7C5E50074BFF1 /* preferences.plist in Resources */,
			);
			runOnlyForDeploymentPostprocessing = 0;
		};
/* End PBXResourcesBuildPhase section */

/* Begin PBXShellScriptBuildPhase section */
		BA2CB14F0BC44EAB9A08AF83 /* Check Pods Manifest.lock */ = {
			isa = PBXShellScriptBuildPhase;
			buildActionMask = 2147483647;
			files = (
			);
			inputPaths = (
			);
			name = "Check Pods Manifest.lock";
			outputPaths = (
			);
			runOnlyForDeploymentPostprocessing = 0;
			shellPath = /bin/sh;
			shellScript = "diff \"${PODS_ROOT}/../Podfile.lock\" \"${PODS_ROOT}/Manifest.lock\" > /dev/null\nif [[ $? != 0 ]] ; then\n    cat << EOM\nerror: The sandbox is not in sync with the Podfile.lock. Run 'pod install' or update your CocoaPods installation.\nEOM\n    exit 1\nfi\n";
			showEnvVarsInLog = 0;
		};
		DFBEC74677074A148F5467CE /* Copy Pods Resources */ = {
			isa = PBXShellScriptBuildPhase;
			buildActionMask = 2147483647;
			files = (
			);
			inputPaths = (
			);
			name = "Copy Pods Resources";
			outputPaths = (
			);
			runOnlyForDeploymentPostprocessing = 0;
			shellPath = /bin/sh;
			shellScript = "\"${SRCROOT}/Pods/Pods-resources.sh\"\n";
			showEnvVarsInLog = 0;
		};
/* End PBXShellScriptBuildPhase section */

/* Begin PBXSourcesBuildPhase section */
		8D11072C0486CEB800E47090 /* Sources */ = {
			isa = PBXSourcesBuildPhase;
			buildActionMask = 2147483647;
			files = (
				8D11072D0486CEB800E47090 /* main.m in Sources */,
				E93074E20A5C2F1200470842 /* AvroKeyboardController.m in Sources */,
				359C1C70159286750080E2FD /* Candidates.m in Sources */,
				35F4DE7F1594096B001EAC81 /* AvroParser.m in Sources */,
				35895BF01597639A00F2A3ED /* AutoCorrect.m in Sources */,
				35DBC86B1597A15B00B9772E /* MainMenuAppDelegate.m in Sources */,
				35B007CB1597BF9A000CE409 /* PreferencesController.m in Sources */,
				350CECEB159C45790009F0FE /* RegexParser.m in Sources */,
				350CED1B159CF3300009F0FE /* Database.m in Sources */,
				350CED1C159CF3300009F0FE /* Suggestion.m in Sources */,
				3553A33515A0009E00FE8491 /* CacheManager.m in Sources */,
				3528AA9C1853AFF300B8D51F /* AutoCorrectItem.m in Sources */,
				35B6EE6D15A0C4F2004C7C9B /* NSString+Levenshtein.m in Sources */,
			);
			runOnlyForDeploymentPostprocessing = 0;
		};
/* End PBXSourcesBuildPhase section */

/* Begin PBXVariantGroup section */
		089C165CFE840E0CC02AAC07 /* InfoPlist.strings */ = {
			isa = PBXVariantGroup;
			children = (
				089C165DFE840E0CC02AAC07 /* English */,
			);
			name = InfoPlist.strings;
			sourceTree = "<group>";
		};
		3512ED581597853F0085E81E /* preferences.nib */ = {
			isa = PBXVariantGroup;
			children = (
				3512ED591597853F0085E81E /* English */,
			);
			name = preferences.nib;
			sourceTree = "<group>";
		};
		35895BFA1597706800F2A3ED /* MainMenu.nib */ = {
			isa = PBXVariantGroup;
			children = (
				35895BFB1597706800F2A3ED /* English */,
			);
			name = MainMenu.nib;
			sourceTree = "<group>";
		};
/* End PBXVariantGroup section */

/* Begin XCBuildConfiguration section */
		C01FCF4B08A954540054247B /* Debug */ = {
			isa = XCBuildConfiguration;
			baseConfigurationReference = A89BA35823C34174828F44CA /* Pods.xcconfig */;
			buildSettings = {
				ASSETCATALOG_COMPILER_APPICON_NAME = AppIcon;
				CODE_SIGN_IDENTITY = "Mac Developer";
				"CODE_SIGN_IDENTITY[sdk=macosx*]" = "Mac Developer";
				COMBINE_HIDPI_IMAGES = YES;
				COPY_PHASE_STRIP = NO;
				GCC_DYNAMIC_NO_PIC = NO;
				GCC_MODEL_TUNING = G5;
				GCC_OPTIMIZATION_LEVEL = 0;
				GCC_VERSION = com.apple.compilers.llvm.clang.1_0;
				INFOPLIST_FILE = Info.plist;
				INSTALL_PATH = "\"$(LOCAL_LIBRARY_DIR)/Input Methods/\"";
				MACOSX_DEPLOYMENT_TARGET = 10.7;
				PRODUCT_NAME = "Avro Keyboard";
				PROVISIONING_PROFILE = "";
				WRAPPER_EXTENSION = app;
				ZERO_LINK = YES;
			};
			name = Debug;
		};
		C01FCF4C08A954540054247B /* Release */ = {
			isa = XCBuildConfiguration;
			baseConfigurationReference = A89BA35823C34174828F44CA /* Pods.xcconfig */;
			buildSettings = {
				ASSETCATALOG_COMPILER_APPICON_NAME = AppIcon;
				CODE_SIGN_IDENTITY = "Mac Developer";
				"CODE_SIGN_IDENTITY[sdk=macosx*]" = "Mac Developer";
				COMBINE_HIDPI_IMAGES = YES;
				GCC_GENERATE_DEBUGGING_SYMBOLS = YES;
				GCC_MODEL_TUNING = G5;
				GCC_VERSION = com.apple.compilers.llvm.clang.1_0;
				INFOPLIST_FILE = Info.plist;
				INSTALL_PATH = "$(HOME)/Applications";
				MACOSX_DEPLOYMENT_TARGET = 10.7;
				PRODUCT_NAME = "Avro Keyboard";
				PROVISIONING_PROFILE = "";
				WRAPPER_EXTENSION = app;
			};
			name = Release;
		};
		C01FCF4F08A954540054247B /* Debug */ = {
			isa = XCBuildConfiguration;
			buildSettings = {
				GCC_WARN_ABOUT_RETURN_TYPE = NO;
				GCC_WARN_UNUSED_VARIABLE = NO;
				ONLY_ACTIVE_ARCH = YES;
			};
			name = Debug;
		};
		C01FCF5008A954540054247B /* Release */ = {
			isa = XCBuildConfiguration;
			buildSettings = {
				GCC_WARN_ABOUT_RETURN_TYPE = NO;
				GCC_WARN_UNUSED_VARIABLE = NO;
			};
			name = Release;
		};
/* End XCBuildConfiguration section */

/* Begin XCConfigurationList section */
		C01FCF4A08A954540054247B /* Build configuration list for PBXNativeTarget "Avro Keyboard" */ = {
			isa = XCConfigurationList;
			buildConfigurations = (
				C01FCF4B08A954540054247B /* Debug */,
				C01FCF4C08A954540054247B /* Release */,
			);
			defaultConfigurationIsVisible = 0;
			defaultConfigurationName = Release;
		};
		C01FCF4E08A954540054247B /* Build configuration list for PBXProject "AvroKeyboard" */ = {
			isa = XCConfigurationList;
			buildConfigurations = (
				C01FCF4F08A954540054247B /* Debug */,
				C01FCF5008A954540054247B /* Release */,
			);
			defaultConfigurationIsVisible = 0;
			defaultConfigurationName = Release;
		};
/* End XCConfigurationList section */
	};
	rootObject = 29B97313FDCFA39411CA2CEA /* Project object */;
}
