<?xml version="1.0" encoding="UTF-8"?>
<!DOCTYPE plist PUBLIC "-//Apple//DTD PLIST 1.0//EN" "http://www.apple.com/DTDs/PropertyList-1.0.dtd">
<plist version="1.0">
<dict>
	<key>archiveVersion</key>
	<string>1</string>
	<key>classes</key>
	<dict/>
	<key>objectVersion</key>
	<string>46</string>
	<key>objects</key>
	<dict>
		<key>080E96DDFE201D6D7F000001</key>
		<dict>
			<key>children</key>
			<array>
				<string>3528AA991853AFAF00B8D51F</string>
				<string>35B007C51597BF56000CE409</string>
				<string>35B007CC1597BFC3000CE409</string>
				<string>35B6EE6915A0C4AD004C7C9B</string>
				<string>35DBC8691597A15B00B9772E</string>
				<string>35DBC86A1597A15B00B9772E</string>
			</array>
			<key>isa</key>
			<string>PBXGroup</string>
			<key>name</key>
			<string>Classes</string>
			<key>sourceTree</key>
			<string>&lt;group&gt;</string>
		</dict>
		<key>089C165CFE840E0CC02AAC07</key>
		<dict>
			<key>children</key>
			<array>
				<string>089C165DFE840E0CC02AAC07</string>
			</array>
			<key>isa</key>
			<string>PBXVariantGroup</string>
			<key>name</key>
			<string>InfoPlist.strings</string>
			<key>sourceTree</key>
			<string>&lt;group&gt;</string>
		</dict>
		<key>089C165DFE840E0CC02AAC07</key>
		<dict>
			<key>fileEncoding</key>
			<string>10</string>
			<key>isa</key>
			<string>PBXFileReference</string>
			<key>lastKnownFileType</key>
			<string>text.plist.strings</string>
			<key>name</key>
			<string>English</string>
			<key>path</key>
			<string>English.lproj/InfoPlist.strings</string>
			<key>sourceTree</key>
			<string>&lt;group&gt;</string>
		</dict>
		<key>1058C7A0FEA54F0111CA2CBB</key>
		<dict>
			<key>children</key>
			<array>
				<string>1058C7A1FEA54F0111CA2CBB</string>
			</array>
			<key>isa</key>
			<string>PBXGroup</string>
			<key>name</key>
			<string>Linked Frameworks</string>
			<key>sourceTree</key>
			<string>&lt;group&gt;</string>
		</dict>
		<key>1058C7A1FEA54F0111CA2CBB</key>
		<dict>
			<key>isa</key>
			<string>PBXFileReference</string>
			<key>lastKnownFileType</key>
			<string>wrapper.framework</string>
			<key>name</key>
			<string>Cocoa.framework</string>
			<key>path</key>
			<string>/System/Library/Frameworks/Cocoa.framework</string>
			<key>sourceTree</key>
			<string>&lt;absolute&gt;</string>
		</dict>
		<key>1058C7A2FEA54F0111CA2CBB</key>
		<dict>
			<key>children</key>
			<array>
				<string>E93074B60A5C264700470842</string>
				<string>29B97324FDCFA39411CA2CEA</string>
				<string>29B97325FDCFA39411CA2CEA</string>
			</array>
			<key>isa</key>
			<string>PBXGroup</string>
			<key>name</key>
			<string>Other Frameworks</string>
			<key>sourceTree</key>
			<string>&lt;group&gt;</string>
		</dict>
		<key>19C28FACFE9D520D11CA2CBB</key>
		<dict>
			<key>children</key>
			<array>
				<string>8D1107320486CEB800E47090</string>
			</array>
			<key>isa</key>
			<string>PBXGroup</string>
			<key>name</key>
			<string>Products</string>
			<key>sourceTree</key>
			<string>&lt;group&gt;</string>
		</dict>
		<key>1E38280E1FD04A56AC8248F9</key>
		<dict>
			<key>explicitFileType</key>
			<string>archive.ar</string>
			<key>includeInIndex</key>
			<string>0</string>
			<key>isa</key>
			<string>PBXFileReference</string>
			<key>path</key>
			<string>libPods.a</string>
			<key>sourceTree</key>
			<string>BUILT_PRODUCTS_DIR</string>
		</dict>
		<key>29B97313FDCFA39411CA2CEA</key>
		<dict>
			<key>attributes</key>
			<dict>
				<key>LastUpgradeCheck</key>
				<string>0500</string>
				<key>TargetAttributes</key>
				<dict>
					<key>8D1107260486CEB800E47090</key>
					<dict>
						<key>DevelopmentTeam</key>
						<string>8FVM4CE4C6</string>
					</dict>
				</dict>
			</dict>
			<key>buildConfigurationList</key>
			<string>C01FCF4E08A954540054247B</string>
			<key>compatibilityVersion</key>
			<string>Xcode 3.2</string>
			<key>developmentRegion</key>
			<string>English</string>
			<key>hasScannedForEncodings</key>
			<string>1</string>
			<key>isa</key>
			<string>PBXProject</string>
			<key>knownRegions</key>
			<array>
				<string>en</string>
				<string>English</string>
			</array>
			<key>mainGroup</key>
			<string>29B97314FDCFA39411CA2CEA</string>
			<key>projectDirPath</key>
			<string></string>
			<key>projectReferences</key>
			<array/>
			<key>projectRoot</key>
			<string></string>
			<key>targets</key>
			<array>
				<string>8D1107260486CEB800E47090</string>
			</array>
		</dict>
		<key>29B97314FDCFA39411CA2CEA</key>
		<dict>
			<key>children</key>
			<array>
				<string>080E96DDFE201D6D7F000001</string>
				<string>29B97315FDCFA39411CA2CEA</string>
				<string>29B97317FDCFA39411CA2CEA</string>
				<string>29B97323FDCFA39411CA2CEA</string>
				<string>19C28FACFE9D520D11CA2CBB</string>
				<string>8C5C700BEA540C9607F8EF40</string>
			</array>
			<key>isa</key>
			<string>PBXGroup</string>
			<key>name</key>
			<string>NumberInput</string>
			<key>sourceTree</key>
			<string>&lt;group&gt;</string>
		</dict>
		<key>29B97315FDCFA39411CA2CEA</key>
		<dict>
			<key>children</key>
			<array>
				<string>32CA4F630368D1EE00C91783</string>
				<string>29B97316FDCFA39411CA2CEA</string>
			</array>
			<key>isa</key>
			<string>PBXGroup</string>
			<key>name</key>
			<string>Other Sources</string>
			<key>sourceTree</key>
			<string>&lt;group&gt;</string>
		</dict>
		<key>29B97316FDCFA39411CA2CEA</key>
		<dict>
			<key>fileEncoding</key>
			<string>4</string>
			<key>isa</key>
			<string>PBXFileReference</string>
			<key>lastKnownFileType</key>
			<string>sourcecode.c.objc</string>
			<key>path</key>
			<string>main.m</string>
			<key>sourceTree</key>
			<string>&lt;group&gt;</string>
		</dict>
		<key>29B97317FDCFA39411CA2CEA</key>
		<dict>
			<key>children</key>
			<array>
				<string>35A273001847E28900689B17</string>
				<string>356B186115A4434D00091215</string>
				<string>3515102C184B99AE00D5059A</string>
				<string>35F4DE72159404A3001EAC81</string>
				<string>350CECE0159C45790009F0FE</string>
				<string>350CECD9159C45790009F0FE</string>
				<string>35895BFA1597706800F2A3ED</string>
				<string>3512ED581597853F0085E81E</string>
				<string>3587CCD715A7C5E50074BFF1</string>
				<string>8D1107310486CEB800E47090</string>
				<string>089C165CFE840E0CC02AAC07</string>
				<string>3578E8FC15A26EC100C1FB8E</string>
			</array>
			<key>isa</key>
			<string>PBXGroup</string>
			<key>name</key>
			<string>Resources</string>
			<key>sourceTree</key>
			<string>&lt;group&gt;</string>
		</dict>
		<key>29B97323FDCFA39411CA2CEA</key>
		<dict>
			<key>children</key>
			<array>
				<string>1058C7A0FEA54F0111CA2CBB</string>
				<string>1058C7A2FEA54F0111CA2CBB</string>
				<string>350CECF5159C5C5F0009F0FE</string>
				<string>350CECF1159C5BEF0009F0FE</string>
				<string>1E38280E1FD04A56AC8248F9</string>
			</array>
			<key>isa</key>
			<string>PBXGroup</string>
			<key>name</key>
			<string>Frameworks</string>
			<key>sourceTree</key>
			<string>&lt;group&gt;</string>
		</dict>
		<key>29B97324FDCFA39411CA2CEA</key>
		<dict>
			<key>isa</key>
			<string>PBXFileReference</string>
			<key>lastKnownFileType</key>
			<string>wrapper.framework</string>
			<key>name</key>
			<string>AppKit.framework</string>
			<key>path</key>
			<string>/System/Library/Frameworks/AppKit.framework</string>
			<key>sourceTree</key>
			<string>&lt;absolute&gt;</string>
		</dict>
		<key>29B97325FDCFA39411CA2CEA</key>
		<dict>
			<key>isa</key>
			<string>PBXFileReference</string>
			<key>lastKnownFileType</key>
			<string>wrapper.framework</string>
			<key>name</key>
			<string>Foundation.framework</string>
			<key>path</key>
			<string>/System/Library/Frameworks/Foundation.framework</string>
			<key>sourceTree</key>
			<string>&lt;absolute&gt;</string>
		</dict>
		<key>32CA4F630368D1EE00C91783</key>
		<dict>
			<key>fileEncoding</key>
			<string>4</string>
			<key>isa</key>
			<string>PBXFileReference</string>
			<key>lastKnownFileType</key>
			<string>sourcecode.c.h</string>
			<key>path</key>
			<string>AvroKeyboard_Prefix.pch</string>
			<key>sourceTree</key>
			<string>&lt;group&gt;</string>
		</dict>
		<key>350CECD9159C45790009F0FE</key>
		<dict>
			<key>isa</key>
			<string>PBXFileReference</string>
			<key>lastKnownFileType</key>
			<string>file</string>
			<key>path</key>
			<string>database.db3</string>
			<key>sourceTree</key>
			<string>&lt;group&gt;</string>
		</dict>
		<key>350CECE0159C45790009F0FE</key>
		<dict>
			<key>fileEncoding</key>
			<string>4</string>
			<key>isa</key>
			<string>PBXFileReference</string>
			<key>lastKnownFileType</key>
			<string>text.json</string>
			<key>path</key>
			<string>regex.json</string>
			<key>sourceTree</key>
			<string>&lt;group&gt;</string>
		</dict>
		<key>350CECE3159C45790009F0FE</key>
		<dict>
			<key>fileEncoding</key>
			<string>4</string>
			<key>isa</key>
			<string>PBXFileReference</string>
			<key>lastKnownFileType</key>
			<string>sourcecode.c.h</string>
			<key>path</key>
			<string>RegexParser.h</string>
			<key>sourceTree</key>
			<string>&lt;group&gt;</string>
		</dict>
		<key>350CECE4159C45790009F0FE</key>
		<dict>
			<key>fileEncoding</key>
			<string>4</string>
			<key>isa</key>
			<string>PBXFileReference</string>
			<key>lastKnownFileType</key>
			<string>sourcecode.c.objc</string>
			<key>path</key>
			<string>RegexParser.m</string>
			<key>sourceTree</key>
			<string>&lt;group&gt;</string>
		</dict>
		<key>350CECE5159C45790009F0FE</key>
		<dict>
			<key>fileRef</key>
			<string>350CECD9159C45790009F0FE</string>
			<key>isa</key>
			<string>PBXBuildFile</string>
		</dict>
		<key>350CECE9159C45790009F0FE</key>
		<dict>
			<key>fileRef</key>
			<string>350CECE0159C45790009F0FE</string>
			<key>isa</key>
			<string>PBXBuildFile</string>
		</dict>
		<key>350CECEB159C45790009F0FE</key>
		<dict>
			<key>fileRef</key>
			<string>350CECE4159C45790009F0FE</string>
			<key>isa</key>
			<string>PBXBuildFile</string>
		</dict>
		<key>350CECF1159C5BEF0009F0FE</key>
		<dict>
			<key>isa</key>
			<string>PBXFileReference</string>
			<key>lastKnownFileType</key>
			<string>compiled.mach-o.dylib</string>
			<key>name</key>
			<string>libicucore.dylib</string>
			<key>path</key>
			<string>/usr/lib/libicucore.dylib</string>
			<key>sourceTree</key>
			<string>&lt;absolute&gt;</string>
		</dict>
		<key>350CECF2159C5BEF0009F0FE</key>
		<dict>
			<key>fileRef</key>
			<string>350CECF1159C5BEF0009F0FE</string>
			<key>isa</key>
			<string>PBXBuildFile</string>
		</dict>
		<key>350CECF5159C5C5F0009F0FE</key>
		<dict>
			<key>isa</key>
			<string>PBXFileReference</string>
			<key>lastKnownFileType</key>
			<string>compiled.mach-o.dylib</string>
			<key>name</key>
			<string>libsqlite3.dylib</string>
			<key>path</key>
			<string>/usr/lib/libsqlite3.dylib</string>
			<key>sourceTree</key>
			<string>&lt;absolute&gt;</string>
		</dict>
		<key>350CECF6159C5C5F0009F0FE</key>
		<dict>
			<key>fileRef</key>
			<string>350CECF5159C5C5F0009F0FE</string>
			<key>isa</key>
			<string>PBXBuildFile</string>
		</dict>
		<key>350CED17159CF3300009F0FE</key>
		<dict>
			<key>fileEncoding</key>
			<string>4</string>
			<key>isa</key>
			<string>PBXFileReference</string>
			<key>lastKnownFileType</key>
			<string>sourcecode.c.h</string>
			<key>path</key>
			<string>Database.h</string>
			<key>sourceTree</key>
			<string>&lt;group&gt;</string>
		</dict>
		<key>350CED18159CF3300009F0FE</key>
		<dict>
			<key>fileEncoding</key>
			<string>4</string>
			<key>isa</key>
			<string>PBXFileReference</string>
			<key>lastKnownFileType</key>
			<string>sourcecode.c.objc</string>
			<key>path</key>
			<string>Database.m</string>
			<key>sourceTree</key>
			<string>&lt;group&gt;</string>
		</dict>
		<key>350CED19159CF3300009F0FE</key>
		<dict>
			<key>fileEncoding</key>
			<string>4</string>
			<key>isa</key>
			<string>PBXFileReference</string>
			<key>lastKnownFileType</key>
			<string>sourcecode.c.h</string>
			<key>path</key>
			<string>Suggestion.h</string>
			<key>sourceTree</key>
			<string>&lt;group&gt;</string>
		</dict>
		<key>350CED1A159CF3300009F0FE</key>
		<dict>
			<key>fileEncoding</key>
			<string>4</string>
			<key>isa</key>
			<string>PBXFileReference</string>
			<key>lastKnownFileType</key>
			<string>sourcecode.c.objc</string>
			<key>path</key>
			<string>Suggestion.m</string>
			<key>sourceTree</key>
			<string>&lt;group&gt;</string>
		</dict>
		<key>350CED1B159CF3300009F0FE</key>
		<dict>
			<key>fileRef</key>
			<string>350CED18159CF3300009F0FE</string>
			<key>isa</key>
			<string>PBXBuildFile</string>
		</dict>
		<key>350CED1C159CF3300009F0FE</key>
		<dict>
			<key>fileRef</key>
			<string>350CED1A159CF3300009F0FE</string>
			<key>isa</key>
			<string>PBXBuildFile</string>
		</dict>
		<key>3512ED581597853F0085E81E</key>
		<dict>
			<key>children</key>
			<array>
				<string>3512ED591597853F0085E81E</string>
			</array>
			<key>isa</key>
			<string>PBXVariantGroup</string>
			<key>name</key>
			<string>preferences.nib</string>
			<key>sourceTree</key>
			<string>&lt;group&gt;</string>
		</dict>
		<key>3512ED591597853F0085E81E</key>
		<dict>
			<key>isa</key>
			<string>PBXFileReference</string>
			<key>lastKnownFileType</key>
			<string>wrapper.nib</string>
			<key>name</key>
			<string>English</string>
			<key>path</key>
			<string>English.lproj/preferences.nib</string>
			<key>sourceTree</key>
			<string>&lt;group&gt;</string>
		</dict>
		<key>3512ED5A159785400085E81E</key>
		<dict>
			<key>fileRef</key>
			<string>3512ED581597853F0085E81E</string>
			<key>isa</key>
			<string>PBXBuildFile</string>
		</dict>
		<key>3515102C184B99AE00D5059A</key>
		<dict>
			<key>fileEncoding</key>
			<string>4</string>
			<key>isa</key>
			<string>PBXFileReference</string>
			<key>lastKnownFileType</key>
			<string>text.plist.xml</string>
			<key>path</key>
			<string>autodict.plist</string>
			<key>sourceTree</key>
			<string>&lt;group&gt;</string>
		</dict>
		<key>3515102D184B99AE00D5059A</key>
		<dict>
			<key>fileRef</key>
			<string>3515102C184B99AE00D5059A</string>
			<key>isa</key>
			<string>PBXBuildFile</string>
		</dict>
		<key>3528AA991853AFAF00B8D51F</key>
		<dict>
			<key>children</key>
			<array>
				<string>3528AA9A1853AFF300B8D51F</string>
				<string>3528AA9B1853AFF300B8D51F</string>
			</array>
			<key>isa</key>
			<string>PBXGroup</string>
			<key>name</key>
			<string>Models</string>
			<key>sourceTree</key>
			<string>&lt;group&gt;</string>
		</dict>
		<key>3528AA9A1853AFF300B8D51F</key>
		<dict>
			<key>fileEncoding</key>
			<string>4</string>
			<key>isa</key>
			<string>PBXFileReference</string>
			<key>lastKnownFileType</key>
			<string>sourcecode.c.h</string>
			<key>path</key>
			<string>AutoCorrectItem.h</string>
			<key>sourceTree</key>
			<string>&lt;group&gt;</string>
		</dict>
		<key>3528AA9B1853AFF300B8D51F</key>
		<dict>
			<key>fileEncoding</key>
			<string>4</string>
			<key>isa</key>
			<string>PBXFileReference</string>
			<key>lastKnownFileType</key>
			<string>sourcecode.c.objc</string>
			<key>path</key>
			<string>AutoCorrectItem.m</string>
			<key>sourceTree</key>
			<string>&lt;group&gt;</string>
		</dict>
		<key>3528AA9C1853AFF300B8D51F</key>
		<dict>
			<key>fileRef</key>
			<string>3528AA9B1853AFF300B8D51F</string>
			<key>isa</key>
			<string>PBXBuildFile</string>
		</dict>
		<key>3553A33315A0009D00FE8491</key>
		<dict>
			<key>fileEncoding</key>
			<string>4</string>
			<key>isa</key>
			<string>PBXFileReference</string>
			<key>lastKnownFileType</key>
			<string>sourcecode.c.h</string>
			<key>path</key>
			<string>CacheManager.h</string>
			<key>sourceTree</key>
			<string>&lt;group&gt;</string>
		</dict>
		<key>3553A33415A0009E00FE8491</key>
		<dict>
			<key>fileEncoding</key>
			<string>4</string>
			<key>isa</key>
			<string>PBXFileReference</string>
			<key>lastKnownFileType</key>
			<string>sourcecode.c.objc</string>
			<key>path</key>
			<string>CacheManager.m</string>
			<key>sourceTree</key>
			<string>&lt;group&gt;</string>
		</dict>
		<key>3553A33515A0009E00FE8491</key>
		<dict>
			<key>fileRef</key>
			<string>3553A33415A0009E00FE8491</string>
			<key>isa</key>
			<string>PBXBuildFile</string>
		</dict>
		<key>356B186115A4434D00091215</key>
		<dict>
			<key>children</key>
			<array>
				<string>356B186B15A4499B00091215</string>
				<string>356B186C15A4499B00091215</string>
				<string>356B186815A445DA00091215</string>
			</array>
			<key>isa</key>
			<string>PBXGroup</string>
			<key>name</key>
			<string>Icons</string>
			<key>sourceTree</key>
			<string>&lt;group&gt;</string>
		</dict>
		<key>356B186815A445DA00091215</key>
		<dict>
			<key>isa</key>
			<string>PBXFileReference</string>
			<key>lastKnownFileType</key>
			<string>image.png</string>
			<key>name</key>
			<string>AutoCorrect.png</string>
			<key>path</key>
			<string>Icons/AutoCorrect.png</string>
			<key>sourceTree</key>
			<string>&lt;group&gt;</string>
		</dict>
		<key>356B186915A445DA00091215</key>
		<dict>
			<key>fileRef</key>
			<string>356B186815A445DA00091215</string>
			<key>isa</key>
			<string>PBXBuildFile</string>
		</dict>
		<key>356B186B15A4499B00091215</key>
		<dict>
			<key>isa</key>
			<string>PBXFileReference</string>
			<key>lastKnownFileType</key>
			<string>image.png</string>
			<key>name</key>
			<string>Credits.png</string>
			<key>path</key>
			<string>Icons/Credits.png</string>
			<key>sourceTree</key>
			<string>&lt;group&gt;</string>
		</dict>
		<key>356B186C15A4499B00091215</key>
		<dict>
			<key>isa</key>
			<string>PBXFileReference</string>
			<key>lastKnownFileType</key>
			<string>image.png</string>
			<key>name</key>
			<string>General.png</string>
			<key>path</key>
			<string>Icons/General.png</string>
			<key>sourceTree</key>
			<string>&lt;group&gt;</string>
		</dict>
		<key>356B186D15A4499B00091215</key>
		<dict>
			<key>fileRef</key>
			<string>356B186B15A4499B00091215</string>
			<key>isa</key>
			<string>PBXBuildFile</string>
		</dict>
		<key>356B186E15A4499B00091215</key>
		<dict>
			<key>fileRef</key>
			<string>356B186C15A4499B00091215</string>
			<key>isa</key>
			<string>PBXBuildFile</string>
		</dict>
		<key>3578E8FC15A26EC100C1FB8E</key>
		<dict>
			<key>isa</key>
			<string>PBXFileReference</string>
			<key>lastKnownFileType</key>
			<string>wrapper.rtfd</string>
			<key>path</key>
			<string>Credits.rtfd</string>
			<key>sourceTree</key>
			<string>&lt;group&gt;</string>
		</dict>
		<key>3578E8FD15A26EC100C1FB8E</key>
		<dict>
			<key>fileRef</key>
			<string>3578E8FC15A26EC100C1FB8E</string>
			<key>isa</key>
			<string>PBXBuildFile</string>
		</dict>
		<key>3587CCD715A7C5E50074BFF1</key>
		<dict>
			<key>fileEncoding</key>
			<string>4</string>
			<key>isa</key>
			<string>PBXFileReference</string>
			<key>lastKnownFileType</key>
			<string>text.plist.xml</string>
			<key>path</key>
			<string>preferences.plist</string>
			<key>sourceTree</key>
			<string>&lt;group&gt;</string>
		</dict>
		<key>3587CCD815A7C5E50074BFF1</key>
		<dict>
			<key>fileRef</key>
			<string>3587CCD715A7C5E50074BFF1</string>
			<key>isa</key>
			<string>PBXBuildFile</string>
		</dict>
		<key>35895BEE1597639A00F2A3ED</key>
		<dict>
			<key>fileEncoding</key>
			<string>4</string>
			<key>isa</key>
			<string>PBXFileReference</string>
			<key>lastKnownFileType</key>
			<string>sourcecode.c.h</string>
			<key>path</key>
			<string>AutoCorrect.h</string>
			<key>sourceTree</key>
			<string>&lt;group&gt;</string>
		</dict>
		<key>35895BEF1597639A00F2A3ED</key>
		<dict>
			<key>fileEncoding</key>
			<string>4</string>
			<key>isa</key>
			<string>PBXFileReference</string>
			<key>lastKnownFileType</key>
			<string>sourcecode.c.objc</string>
			<key>path</key>
			<string>AutoCorrect.m</string>
			<key>sourceTree</key>
			<string>&lt;group&gt;</string>
		</dict>
		<key>35895BF01597639A00F2A3ED</key>
		<dict>
			<key>fileRef</key>
			<string>35895BEF1597639A00F2A3ED</string>
			<key>isa</key>
			<string>PBXBuildFile</string>
		</dict>
		<key>35895BFA1597706800F2A3ED</key>
		<dict>
			<key>children</key>
			<array>
				<string>35895BFB1597706800F2A3ED</string>
			</array>
			<key>isa</key>
			<string>PBXVariantGroup</string>
			<key>name</key>
			<string>MainMenu.nib</string>
			<key>sourceTree</key>
			<string>&lt;group&gt;</string>
		</dict>
		<key>35895BFB1597706800F2A3ED</key>
		<dict>
			<key>isa</key>
			<string>PBXFileReference</string>
			<key>lastKnownFileType</key>
			<string>wrapper.nib</string>
			<key>name</key>
			<string>English</string>
			<key>path</key>
			<string>English.lproj/MainMenu.nib</string>
			<key>sourceTree</key>
			<string>&lt;group&gt;</string>
		</dict>
		<key>35895BFE1597706800F2A3ED</key>
		<dict>
			<key>fileRef</key>
			<string>35895BFA1597706800F2A3ED</string>
			<key>isa</key>
			<string>PBXBuildFile</string>
		</dict>
		<key>359C1C6E159286750080E2FD</key>
		<dict>
			<key>fileEncoding</key>
			<string>4</string>
			<key>isa</key>
			<string>PBXFileReference</string>
			<key>lastKnownFileType</key>
			<string>sourcecode.c.h</string>
			<key>path</key>
			<string>Candidates.h</string>
			<key>sourceTree</key>
			<string>&lt;group&gt;</string>
		</dict>
		<key>359C1C6F159286750080E2FD</key>
		<dict>
			<key>fileEncoding</key>
			<string>4</string>
			<key>isa</key>
			<string>PBXFileReference</string>
			<key>lastKnownFileType</key>
			<string>sourcecode.c.objc</string>
			<key>path</key>
			<string>Candidates.m</string>
			<key>sourceTree</key>
			<string>&lt;group&gt;</string>
		</dict>
		<key>359C1C70159286750080E2FD</key>
		<dict>
			<key>fileRef</key>
			<string>359C1C6F159286750080E2FD</string>
			<key>isa</key>
			<string>PBXBuildFile</string>
		</dict>
		<key>35A273001847E28900689B17</key>
		<dict>
			<key>isa</key>
			<string>PBXFileReference</string>
			<key>lastKnownFileType</key>
			<string>folder.assetcatalog</string>
			<key>name</key>
			<string>Images.xcassets</string>
			<key>path</key>
			<string>Avro Keyboard/Images.xcassets</string>
			<key>sourceTree</key>
			<string>&lt;group&gt;</string>
		</dict>
		<key>35A273011847E28900689B17</key>
		<dict>
			<key>fileRef</key>
			<string>35A273001847E28900689B17</string>
			<key>isa</key>
			<string>PBXBuildFile</string>
		</dict>
		<key>35B007C51597BF56000CE409</key>
		<dict>
			<key>children</key>
			<array>
				<string>E93074E00A5C2F1200470842</string>
				<string>E93074E10A5C2F1200470842</string>
				<string>35B007C91597BF9A000CE409</string>
				<string>35B007CA1597BF9A000CE409</string>
			</array>
			<key>isa</key>
			<string>PBXGroup</string>
			<key>name</key>
			<string>Controllers</string>
			<key>sourceTree</key>
			<string>&lt;group&gt;</string>
		</dict>
		<key>35B007C91597BF9A000CE409</key>
		<dict>
			<key>fileEncoding</key>
			<string>4</string>
			<key>isa</key>
			<string>PBXFileReference</string>
			<key>lastKnownFileType</key>
			<string>sourcecode.c.h</string>
			<key>path</key>
			<string>PreferencesController.h</string>
			<key>sourceTree</key>
			<string>&lt;group&gt;</string>
		</dict>
		<key>35B007CA1597BF9A000CE409</key>
		<dict>
			<key>fileEncoding</key>
			<string>4</string>
			<key>isa</key>
			<string>PBXFileReference</string>
			<key>lastKnownFileType</key>
			<string>sourcecode.c.objc</string>
			<key>path</key>
			<string>PreferencesController.m</string>
			<key>sourceTree</key>
			<string>&lt;group&gt;</string>
		</dict>
		<key>35B007CB1597BF9A000CE409</key>
		<dict>
			<key>fileRef</key>
			<string>35B007CA1597BF9A000CE409</string>
			<key>isa</key>
			<string>PBXBuildFile</string>
		</dict>
		<key>35B007CC1597BFC3000CE409</key>
		<dict>
			<key>children</key>
			<array>
				<string>35B6EE6815A0C4A4004C7C9B</string>
				<string>350CED19159CF3300009F0FE</string>
				<string>350CED1A159CF3300009F0FE</string>
				<string>3553A33315A0009D00FE8491</string>
				<string>3553A33415A0009E00FE8491</string>
				<string>359C1C6E159286750080E2FD</string>
				<string>359C1C6F159286750080E2FD</string>
			</array>
			<key>isa</key>
			<string>PBXGroup</string>
			<key>name</key>
			<string>Others</string>
			<key>sourceTree</key>
			<string>&lt;group&gt;</string>
		</dict>
		<key>35B6EE6815A0C4A4004C7C9B</key>
		<dict>
			<key>children</key>
			<array>
				<string>35895BEE1597639A00F2A3ED</string>
				<string>35895BEF1597639A00F2A3ED</string>
				<string>35F4DE7D1594096B001EAC81</string>
				<string>35F4DE7E1594096B001EAC81</string>
				<string>350CECE3159C45790009F0FE</string>
				<string>350CECE4159C45790009F0FE</string>
				<string>350CED17159CF3300009F0FE</string>
				<string>350CED18159CF3300009F0FE</string>
			</array>
			<key>isa</key>
			<string>PBXGroup</string>
			<key>name</key>
			<string>Parsers</string>
			<key>sourceTree</key>
			<string>&lt;group&gt;</string>
		</dict>
		<key>35B6EE6915A0C4AD004C7C9B</key>
		<dict>
			<key>children</key>
			<array>
				<string>35B6EE6B15A0C4F2004C7C9B</string>
				<string>35B6EE6C15A0C4F2004C7C9B</string>
			</array>
			<key>isa</key>
			<string>PBXGroup</string>
			<key>name</key>
			<string>Libraries</string>
			<key>sourceTree</key>
			<string>&lt;group&gt;</string>
		</dict>
		<key>35B6EE6B15A0C4F2004C7C9B</key>
		<dict>
			<key>fileEncoding</key>
			<string>4</string>
			<key>isa</key>
			<string>PBXFileReference</string>
			<key>lastKnownFileType</key>
			<string>sourcecode.c.h</string>
			<key>path</key>
			<string>NSString+Levenshtein.h</string>
			<key>sourceTree</key>
			<string>&lt;group&gt;</string>
		</dict>
		<key>35B6EE6C15A0C4F2004C7C9B</key>
		<dict>
			<key>fileEncoding</key>
			<string>4</string>
			<key>isa</key>
			<string>PBXFileReference</string>
			<key>lastKnownFileType</key>
			<string>sourcecode.c.objc</string>
			<key>path</key>
			<string>NSString+Levenshtein.m</string>
			<key>sourceTree</key>
			<string>&lt;group&gt;</string>
		</dict>
		<key>35B6EE6D15A0C4F2004C7C9B</key>
		<dict>
			<key>fileRef</key>
			<string>35B6EE6C15A0C4F2004C7C9B</string>
			<key>isa</key>
			<string>PBXBuildFile</string>
		</dict>
		<key>35DBC8691597A15B00B9772E</key>
		<dict>
			<key>fileEncoding</key>
			<string>4</string>
			<key>isa</key>
			<string>PBXFileReference</string>
			<key>lastKnownFileType</key>
			<string>sourcecode.c.h</string>
			<key>path</key>
			<string>MainMenuAppDelegate.h</string>
			<key>sourceTree</key>
			<string>&lt;group&gt;</string>
		</dict>
		<key>35DBC86A1597A15B00B9772E</key>
		<dict>
			<key>fileEncoding</key>
			<string>4</string>
			<key>isa</key>
			<string>PBXFileReference</string>
			<key>lastKnownFileType</key>
			<string>sourcecode.c.objc</string>
			<key>path</key>
			<string>MainMenuAppDelegate.m</string>
			<key>sourceTree</key>
			<string>&lt;group&gt;</string>
		</dict>
		<key>35DBC86B1597A15B00B9772E</key>
		<dict>
			<key>fileRef</key>
			<string>35DBC86A1597A15B00B9772E</string>
			<key>isa</key>
			<string>PBXBuildFile</string>
		</dict>
		<key>35F4DE72159404A3001EAC81</key>
		<dict>
			<key>fileEncoding</key>
			<string>4</string>
			<key>isa</key>
			<string>PBXFileReference</string>
			<key>lastKnownFileType</key>
			<string>text.json</string>
			<key>path</key>
			<string>data.json</string>
			<key>sourceTree</key>
			<string>&lt;group&gt;</string>
		</dict>
		<key>35F4DE73159404A3001EAC81</key>
		<dict>
			<key>fileRef</key>
			<string>35F4DE72159404A3001EAC81</string>
			<key>isa</key>
			<string>PBXBuildFile</string>
		</dict>
		<key>35F4DE7D1594096B001EAC81</key>
		<dict>
			<key>fileEncoding</key>
			<string>4</string>
			<key>isa</key>
			<string>PBXFileReference</string>
			<key>lastKnownFileType</key>
			<string>sourcecode.c.h</string>
			<key>path</key>
			<string>AvroParser.h</string>
			<key>sourceTree</key>
			<string>&lt;group&gt;</string>
		</dict>
		<key>35F4DE7E1594096B001EAC81</key>
		<dict>
			<key>fileEncoding</key>
			<string>4</string>
			<key>isa</key>
			<string>PBXFileReference</string>
			<key>lastKnownFileType</key>
			<string>sourcecode.c.objc</string>
			<key>path</key>
			<string>AvroParser.m</string>
			<key>sourceTree</key>
			<string>&lt;group&gt;</string>
		</dict>
		<key>35F4DE7F1594096B001EAC81</key>
		<dict>
			<key>fileRef</key>
			<string>35F4DE7E1594096B001EAC81</string>
			<key>isa</key>
			<string>PBXBuildFile</string>
		</dict>
		<key>8C5C700BEA540C9607F8EF40</key>
		<dict>
			<key>children</key>
			<array>
				<string>9F579E2488AFBC667DEE1CF4</string>
				<string>A780E2BEB3F3F7C9F9041B69</string>
			</array>
			<key>isa</key>
			<string>PBXGroup</string>
			<key>name</key>
			<string>Pods</string>
			<key>sourceTree</key>
			<string>&lt;group&gt;</string>
		</dict>
		<key>8D1107260486CEB800E47090</key>
		<dict>
			<key>buildConfigurationList</key>
			<string>C01FCF4A08A954540054247B</string>
			<key>buildPhases</key>
			<array>
				<string>BA2CB14F0BC44EAB9A08AF83</string>
				<string>8D1107290486CEB800E47090</string>
				<string>8D11072C0486CEB800E47090</string>
				<string>8D11072E0486CEB800E47090</string>
				<string>DFBEC74677074A148F5467CE</string>
			</array>
			<key>buildRules</key>
			<array/>
			<key>dependencies</key>
			<array/>
			<key>isa</key>
			<string>PBXNativeTarget</string>
			<key>name</key>
			<string>Avro Keyboard</string>
			<key>productInstallPath</key>
			<string>$(HOME)/Applications</string>
			<key>productName</key>
			<string>NumberInput</string>
			<key>productReference</key>
			<string>8D1107320486CEB800E47090</string>
			<key>productType</key>
			<string>com.apple.product-type.application</string>
		</dict>
		<key>8D1107290486CEB800E47090</key>
		<dict>
			<key>buildActionMask</key>
			<string>2147483647</string>
			<key>files</key>
			<array>
				<string>8D11072B0486CEB800E47090</string>
				<string>35F4DE73159404A3001EAC81</string>
				<string>35895BFE1597706800F2A3ED</string>
				<string>3512ED5A159785400085E81E</string>
				<string>3515102D184B99AE00D5059A</string>
				<string>350CECE5159C45790009F0FE</string>
				<string>350CECE9159C45790009F0FE</string>
				<string>3578E8FD15A26EC100C1FB8E</string>
				<string>35A273011847E28900689B17</string>
				<string>356B186915A445DA00091215</string>
				<string>356B186D15A4499B00091215</string>
				<string>356B186E15A4499B00091215</string>
				<string>3587CCD815A7C5E50074BFF1</string>
			</array>
			<key>isa</key>
			<string>PBXResourcesBuildPhase</string>
			<key>runOnlyForDeploymentPostprocessing</key>
			<string>0</string>
		</dict>
		<key>8D11072B0486CEB800E47090</key>
		<dict>
			<key>fileRef</key>
			<string>089C165CFE840E0CC02AAC07</string>
			<key>isa</key>
			<string>PBXBuildFile</string>
		</dict>
		<key>8D11072C0486CEB800E47090</key>
		<dict>
			<key>buildActionMask</key>
			<string>2147483647</string>
			<key>files</key>
			<array>
				<string>8D11072D0486CEB800E47090</string>
				<string>E93074E20A5C2F1200470842</string>
				<string>359C1C70159286750080E2FD</string>
				<string>35F4DE7F1594096B001EAC81</string>
				<string>35895BF01597639A00F2A3ED</string>
				<string>35DBC86B1597A15B00B9772E</string>
				<string>35B007CB1597BF9A000CE409</string>
				<string>350CECEB159C45790009F0FE</string>
				<string>350CED1B159CF3300009F0FE</string>
				<string>350CED1C159CF3300009F0FE</string>
				<string>3553A33515A0009E00FE8491</string>
				<string>3528AA9C1853AFF300B8D51F</string>
				<string>35B6EE6D15A0C4F2004C7C9B</string>
			</array>
			<key>isa</key>
			<string>PBXSourcesBuildPhase</string>
			<key>runOnlyForDeploymentPostprocessing</key>
			<string>0</string>
		</dict>
		<key>8D11072D0486CEB800E47090</key>
		<dict>
			<key>fileRef</key>
			<string>29B97316FDCFA39411CA2CEA</string>
			<key>isa</key>
			<string>PBXBuildFile</string>
			<key>settings</key>
			<dict>
				<key>ATTRIBUTES</key>
				<array/>
			</dict>
		</dict>
		<key>8D11072E0486CEB800E47090</key>
		<dict>
			<key>buildActionMask</key>
			<string>2147483647</string>
			<key>files</key>
			<array>
				<string>8D11072F0486CEB800E47090</string>
				<string>E93074B70A5C264700470842</string>
				<string>350CECF6159C5C5F0009F0FE</string>
				<string>350CECF2159C5BEF0009F0FE</string>
				<string>DBFB0605CE4B4B5BBA99700C</string>
			</array>
			<key>isa</key>
			<string>PBXFrameworksBuildPhase</string>
			<key>runOnlyForDeploymentPostprocessing</key>
			<string>0</string>
		</dict>
		<key>8D11072F0486CEB800E47090</key>
		<dict>
			<key>fileRef</key>
			<string>1058C7A1FEA54F0111CA2CBB</string>
			<key>isa</key>
			<string>PBXBuildFile</string>
		</dict>
		<key>8D1107310486CEB800E47090</key>
		<dict>
			<key>fileEncoding</key>
			<string>4</string>
			<key>isa</key>
			<string>PBXFileReference</string>
			<key>lastKnownFileType</key>
			<string>text.plist</string>
			<key>path</key>
			<string>Info.plist</string>
			<key>sourceTree</key>
			<string>&lt;group&gt;</string>
		</dict>
		<key>8D1107320486CEB800E47090</key>
		<dict>
			<key>explicitFileType</key>
			<string>wrapper.application</string>
			<key>includeInIndex</key>
			<string>0</string>
			<key>isa</key>
			<string>PBXFileReference</string>
			<key>path</key>
			<string>Avro Keyboard.app</string>
			<key>sourceTree</key>
			<string>BUILT_PRODUCTS_DIR</string>
		</dict>
		<key>9F579E2488AFBC667DEE1CF4</key>
		<dict>
			<key>includeInIndex</key>
			<string>1</string>
			<key>isa</key>
			<string>PBXFileReference</string>
			<key>lastKnownFileType</key>
			<string>text.xcconfig</string>
			<key>name</key>
			<string>Pods.debug.xcconfig</string>
			<key>path</key>
			<string>Pods/Target Support Files/Pods/Pods.debug.xcconfig</string>
			<key>sourceTree</key>
			<string>&lt;group&gt;</string>
		</dict>
		<key>A780E2BEB3F3F7C9F9041B69</key>
		<dict>
			<key>includeInIndex</key>
			<string>1</string>
			<key>isa</key>
			<string>PBXFileReference</string>
			<key>lastKnownFileType</key>
			<string>text.xcconfig</string>
			<key>name</key>
			<string>Pods.release.xcconfig</string>
			<key>path</key>
			<string>Pods/Target Support Files/Pods/Pods.release.xcconfig</string>
			<key>sourceTree</key>
			<string>&lt;group&gt;</string>
		</dict>
		<key>BA2CB14F0BC44EAB9A08AF83</key>
		<dict>
			<key>buildActionMask</key>
			<string>2147483647</string>
			<key>files</key>
			<array/>
			<key>inputPaths</key>
			<array/>
			<key>isa</key>
			<string>PBXShellScriptBuildPhase</string>
			<key>name</key>
			<string>Check Pods Manifest.lock</string>
			<key>outputPaths</key>
			<array/>
			<key>runOnlyForDeploymentPostprocessing</key>
			<string>0</string>
			<key>shellPath</key>
			<string>/bin/sh</string>
			<key>shellScript</key>
			<string>diff "${PODS_ROOT}/../Podfile.lock" "${PODS_ROOT}/Manifest.lock" &gt; /dev/null
if [[ $? != 0 ]] ; then
    cat &lt;&lt; EOM
error: The sandbox is not in sync with the Podfile.lock. Run 'pod install' or update your CocoaPods installation.
EOM
    exit 1
fi
</string>
			<key>showEnvVarsInLog</key>
			<string>0</string>
		</dict>
		<key>C01FCF4A08A954540054247B</key>
		<dict>
			<key>buildConfigurations</key>
			<array>
				<string>C01FCF4B08A954540054247B</string>
				<string>C01FCF4C08A954540054247B</string>
			</array>
			<key>defaultConfigurationIsVisible</key>
			<string>0</string>
			<key>defaultConfigurationName</key>
			<string>Release</string>
			<key>isa</key>
			<string>XCConfigurationList</string>
		</dict>
		<key>C01FCF4B08A954540054247B</key>
		<dict>
			<key>baseConfigurationReference</key>
			<string>9F579E2488AFBC667DEE1CF4</string>
			<key>buildSettings</key>
			<dict>
				<key>ASSETCATALOG_COMPILER_APPICON_NAME</key>
				<string>AppIcon</string>
				<key>CODE_SIGN_IDENTITY</key>
				<string>Mac Developer</string>
				<key>CODE_SIGN_IDENTITY[sdk=macosx*]</key>
				<string>Mac Developer</string>
				<key>COMBINE_HIDPI_IMAGES</key>
				<string>YES</string>
				<key>COPY_PHASE_STRIP</key>
				<string>NO</string>
				<key>GCC_DYNAMIC_NO_PIC</key>
				<string>NO</string>
				<key>GCC_MODEL_TUNING</key>
				<string>G5</string>
				<key>GCC_OPTIMIZATION_LEVEL</key>
				<string>0</string>
				<key>GCC_VERSION</key>
				<string>com.apple.compilers.llvm.clang.1_0</string>
				<key>INFOPLIST_FILE</key>
				<string>Info.plist</string>
				<key>INSTALL_PATH</key>
				<string>"$(LOCAL_LIBRARY_DIR)/Input Methods/"</string>
				<key>MACOSX_DEPLOYMENT_TARGET</key>
				<string>10.7</string>
				<key>PRODUCT_NAME</key>
				<string>Avro Keyboard</string>
				<key>PROVISIONING_PROFILE</key>
				<string></string>
				<key>WRAPPER_EXTENSION</key>
				<string>app</string>
				<key>ZERO_LINK</key>
				<string>YES</string>
			</dict>
			<key>isa</key>
			<string>XCBuildConfiguration</string>
			<key>name</key>
			<string>Debug</string>
		</dict>
		<key>C01FCF4C08A954540054247B</key>
		<dict>
			<key>baseConfigurationReference</key>
			<string>A780E2BEB3F3F7C9F9041B69</string>
			<key>buildSettings</key>
			<dict>
				<key>ASSETCATALOG_COMPILER_APPICON_NAME</key>
				<string>AppIcon</string>
				<key>CODE_SIGN_IDENTITY</key>
				<string>Mac Developer</string>
				<key>CODE_SIGN_IDENTITY[sdk=macosx*]</key>
				<string>Mac Developer</string>
				<key>COMBINE_HIDPI_IMAGES</key>
				<string>YES</string>
				<key>GCC_GENERATE_DEBUGGING_SYMBOLS</key>
				<string>YES</string>
				<key>GCC_MODEL_TUNING</key>
				<string>G5</string>
				<key>GCC_VERSION</key>
				<string>com.apple.compilers.llvm.clang.1_0</string>
				<key>INFOPLIST_FILE</key>
				<string>Info.plist</string>
				<key>INSTALL_PATH</key>
				<string>$(HOME)/Applications</string>
				<key>MACOSX_DEPLOYMENT_TARGET</key>
				<string>10.7</string>
				<key>PRODUCT_NAME</key>
				<string>Avro Keyboard</string>
				<key>PROVISIONING_PROFILE</key>
				<string></string>
				<key>WRAPPER_EXTENSION</key>
				<string>app</string>
			</dict>
			<key>isa</key>
			<string>XCBuildConfiguration</string>
			<key>name</key>
			<string>Release</string>
		</dict>
		<key>C01FCF4E08A954540054247B</key>
		<dict>
			<key>buildConfigurations</key>
			<array>
				<string>C01FCF4F08A954540054247B</string>
				<string>C01FCF5008A954540054247B</string>
			</array>
			<key>defaultConfigurationIsVisible</key>
			<string>0</string>
			<key>defaultConfigurationName</key>
			<string>Release</string>
			<key>isa</key>
			<string>XCConfigurationList</string>
		</dict>
		<key>C01FCF4F08A954540054247B</key>
		<dict>
			<key>buildSettings</key>
			<dict>
				<key>GCC_WARN_ABOUT_RETURN_TYPE</key>
				<string>NO</string>
				<key>GCC_WARN_UNUSED_VARIABLE</key>
				<string>NO</string>
				<key>ONLY_ACTIVE_ARCH</key>
				<string>YES</string>
			</dict>
			<key>isa</key>
			<string>XCBuildConfiguration</string>
			<key>name</key>
			<string>Debug</string>
		</dict>
		<key>C01FCF5008A954540054247B</key>
		<dict>
			<key>buildSettings</key>
			<dict>
				<key>GCC_WARN_ABOUT_RETURN_TYPE</key>
				<string>NO</string>
				<key>GCC_WARN_UNUSED_VARIABLE</key>
				<string>NO</string>
			</dict>
			<key>isa</key>
			<string>XCBuildConfiguration</string>
			<key>name</key>
			<string>Release</string>
		</dict>
		<key>DBFB0605CE4B4B5BBA99700C</key>
		<dict>
			<key>fileRef</key>
			<string>1E38280E1FD04A56AC8248F9</string>
			<key>isa</key>
			<string>PBXBuildFile</string>
		</dict>
		<key>DFBEC74677074A148F5467CE</key>
		<dict>
			<key>buildActionMask</key>
			<string>2147483647</string>
			<key>files</key>
			<array/>
			<key>inputPaths</key>
			<array/>
			<key>isa</key>
			<string>PBXShellScriptBuildPhase</string>
			<key>name</key>
			<string>Copy Pods Resources</string>
			<key>outputPaths</key>
			<array/>
			<key>runOnlyForDeploymentPostprocessing</key>
			<string>0</string>
			<key>shellPath</key>
			<string>/bin/sh</string>
			<key>shellScript</key>
			<string>"${SRCROOT}/Pods/Target Support Files/Pods/Pods-resources.sh"
</string>
			<key>showEnvVarsInLog</key>
			<string>0</string>
		</dict>
		<key>E93074B60A5C264700470842</key>
		<dict>
			<key>isa</key>
			<string>PBXFileReference</string>
			<key>lastKnownFileType</key>
			<string>wrapper.framework</string>
			<key>name</key>
			<string>InputMethodKit.framework</string>
			<key>path</key>
			<string>/System/Library/Frameworks/InputMethodKit.framework</string>
			<key>sourceTree</key>
			<string>&lt;absolute&gt;</string>
		</dict>
		<key>E93074B70A5C264700470842</key>
		<dict>
			<key>fileRef</key>
			<string>E93074B60A5C264700470842</string>
			<key>isa</key>
			<string>PBXBuildFile</string>
		</dict>
		<key>E93074E00A5C2F1200470842</key>
		<dict>
			<key>fileEncoding</key>
			<string>4</string>
			<key>isa</key>
			<string>PBXFileReference</string>
			<key>lastKnownFileType</key>
			<string>sourcecode.c.h</string>
			<key>path</key>
			<string>AvroKeyboardController.h</string>
			<key>sourceTree</key>
			<string>&lt;group&gt;</string>
		</dict>
		<key>E93074E10A5C2F1200470842</key>
		<dict>
			<key>fileEncoding</key>
			<string>4</string>
			<key>isa</key>
			<string>PBXFileReference</string>
			<key>lastKnownFileType</key>
			<string>sourcecode.c.objc</string>
			<key>path</key>
			<string>AvroKeyboardController.m</string>
			<key>sourceTree</key>
			<string>&lt;group&gt;</string>
		</dict>
		<key>E93074E20A5C2F1200470842</key>
		<dict>
			<key>fileRef</key>
			<string>E93074E10A5C2F1200470842</string>
			<key>isa</key>
			<string>PBXBuildFile</string>
		</dict>
	</dict>
	<key>rootObject</key>
	<string>29B97313FDCFA39411CA2CEA</string>
</dict>
</plist>
